
Microsoft Visual Studio Solution File, Format Version 12.00
# Visual Studio Version 16
VisualStudioVersion = 16.0.31205.134
MinimumVisualStudioVersion = 10.0.40219.1
Project("{FAE04EC0-301F-11D3-BF4B-00C04F79EFBC}") = "ICAJ004.api", "ICAJ004.api\ICAJ004.api.csproj", "{0B6E55D0-2BDA-48E6-B01C-F9A943B668EA}"
EndProject
Global
	GlobalSection(SolutionConfigurationPlatforms) = preSolution
		Debug|Any CPU = Debug|Any CPU
		Release|Any CPU = Release|Any CPU
	EndGlobalSection
	GlobalSection(ProjectConfigurationPlatforms) = postSolution
		{0B6E55D0-2BDA-48E6-B01C-F9A943B668EA}.Debug|Any CPU.ActiveCfg = Debug|Any CPU
		{0B6E55D0-2BDA-48E6-B01C-F9A943B668EA}.Debug|Any CPU.Build.0 = Debug|Any CPU
		{0B6E55D0-2BDA-48E6-B01C-F9A943B668EA}.Release|Any CPU.ActiveCfg = Release|Any CPU
		{0B6E55D0-2BDA-48E6-B01C-F9A943B668EA}.Release|Any CPU.Build.0 = Release|Any CPU
	EndGlobalSection
	GlobalSection(SolutionProperties) = preSolution
		HideSolutionNode = FALSE
	EndGlobalSection
	GlobalSection(ExtensibilityGlobals) = postSolution
		SolutionGuid = {6D6B2CE0-0CC8-4C4A-AC1B-755A54A092C8}
	EndGlobalSection
EndGlobal
