
Microsoft Visual Studio Solution File, Format Version 12.00
# Visual Studio Version 16
VisualStudioVersion = 16.0.31105.61
MinimumVisualStudioVersion = 10.0.40219.1
Project("{FAE04EC0-301F-11D3-BF4B-00C04F79EFBC}") = "ICRE001.api", "ICRE001.api\ICRE001.api.csproj", "{6E7E0569-46E2-4553-8002-4B20BAC46D8A}"
EndProject
Global
	GlobalSection(SolutionConfigurationPlatforms) = preSolution
		Debug|Any CPU = Debug|Any CPU
		Release|Any CPU = Release|Any CPU
	EndGlobalSection
	GlobalSection(ProjectConfigurationPlatforms) = postSolution
		{6E7E0569-46E2-4553-8002-4B20BAC46D8A}.Debug|Any CPU.ActiveCfg = Debug|Any CPU
		{6E7E0569-46E2-4553-8002-4B20BAC46D8A}.Debug|Any CPU.Build.0 = Debug|Any CPU
		{6E7E0569-46E2-4553-8002-4B20BAC46D8A}.Release|Any CPU.ActiveCfg = Release|Any CPU
		{6E7E0569-46E2-4553-8002-4B20BAC46D8A}.Release|Any CPU.Build.0 = Release|Any CPU
	EndGlobalSection
	GlobalSection(SolutionProperties) = preSolution
		HideSolutionNode = FALSE
	EndGlobalSection
	GlobalSection(ExtensibilityGlobals) = postSolution
		SolutionGuid = {2CC6719F-2ECD-4EE3-9746-B99BE6542108}
	EndGlobalSection
EndGlobal
