
Microsoft Visual Studio Solution File, Format Version 12.00
# Visual Studio Version 16
VisualStudioVersion = 16.0.31729.503
MinimumVisualStudioVersion = 10.0.40219.1
Project("{9A19103F-16F7-4668-BE54-9A1E7A4F7556}") = "APICAJ008002", "APICAJ008002\APICAJ008002.csproj", "{C55A78C7-2683-4D1D-B003-419F64BF267A}"
EndProject
Project("{9A19103F-16F7-4668-BE54-9A1E7A4F7556}") = "CONTICREDENVIO", "CONTICREDENVIO\CONTICREDENVIO.csproj", "{9E926ED3-B896-42C3-8947-1BD50F200F5F}"
EndProject
Project("{9A19103F-16F7-4668-BE54-9A1E7A4F7556}") = "DSAC003", "DSAC003001\DSAC003.csproj", "{96BD1952-3FFA-49B3-AB7D-FD7B79382948}"
EndProject
Project("{9A19103F-16F7-4668-BE54-9A1E7A4F7556}") = "ICAJ001.api", "ICAJ001.api\ICAJ001.api.csproj", "{12AABDA3-C7D3-4BB1-A1F1-609E4A0D244A}"
EndProject
Project("{9A19103F-16F7-4668-BE54-9A1E7A4F7556}") = "ICAJ002.api", "ICAJ002.api\ICAJ002.api.csproj", "{EA7E8878-C1D5-420B-AA45-C5D460EDCB77}"
EndProject
Project("{9A19103F-16F7-4668-BE54-9A1E7A4F7556}") = "ICAJ005.api", "ICAJ005.api\ICAJ005.api.csproj", "{73A21683-8C4C-4019-9FD9-C1C293940ADA}"
EndProject
Project("{9A19103F-16F7-4668-BE54-9A1E7A4F7556}") = "ICAJ008.api", "ICAJ008\ICAJ008.api.csproj", "{44E4363A-EE70-4658-8291-EACC16A662C0}"
EndProject
Project("{9A19103F-16F7-4668-BE54-9A1E7A4F7556}") = "ICAJ009.api", "ICAJ009.api\ICAJ009.api.csproj", "{C70EFFEC-0DF4-415D-AAE7-B064AF30CFB9}"
EndProject
Project("{9A19103F-16F7-4668-BE54-9A1E7A4F7556}") = "ICAJ011", "ICAJ011\ICAJ011.csproj", "{CF849F60-02BB-4250-B140-66EB79D1EE7D}"
EndProject
Project("{9A19103F-16F7-4668-BE54-9A1E7A4F7556}") = "ICAJ012.api", "ICAJ012\ICAJ012.api.csproj", "{BAF0C220-3738-431E-9BC2-FEEE8B01C876}"
EndProject
Project("{9A19103F-16F7-4668-BE54-9A1E7A4F7556}") = "ICAJ019.api", "ICAJ019.api\ICAJ019.api.csproj", "{C7CEF91D-1D7B-452F-9A54-98D77C4B2359}"
EndProject
Project("{9A19103F-16F7-4668-BE54-9A1E7A4F7556}") = "ICAJ020.api", "ICAJ020.api\ICAJ020.api.csproj", "{58EB1812-FB9D-42B9-A658-D5F16C1923D8}"
EndProject
Project("{9A19103F-16F7-4668-BE54-9A1E7A4F7556}") = "ICAJ023.api", "ICAJ023.api\ICAJ023.api.csproj", "{EE7271B6-8D8C-4BB0-BC86-FAAA305D654F}"
EndProject
Project("{9A19103F-16F7-4668-BE54-9A1E7A4F7556}") = "ICAJ026.api", "ICAJ026.api\ICAJ026.api.csproj", "{42BE7BB4-0198-4A79-BA46-743E0EE76B62}"
EndProject
Project("{9A19103F-16F7-4668-BE54-9A1E7A4F7556}") = "ICOB003.api", "ICOB003.api\ICOB003.api.csproj", "{D9CD346B-774E-49F0-A8C8-791367A40D83}"
EndProject
Project("{9A19103F-16F7-4668-BE54-9A1E7A4F7556}") = "ICOB004.api", "ICOB004.api\ICOB004.api.csproj", "{C5F32276-A864-4DAB-B34F-D965A64DDB3C}"
EndProject
Project("{9A19103F-16F7-4668-BE54-9A1E7A4F7556}") = "ICOB006", "ICOB006\ICOB006.csproj", "{2ED24445-136B-419B-8E82-83902C2DE653}"
EndProject
Project("{9A19103F-16F7-4668-BE54-9A1E7A4F7556}") = "ICOB007", "ICOB007\ICOB007.csproj", "{811BC31E-B585-4D96-8FBC-F963DF2738ED}"
EndProject
Project("{9A19103F-16F7-4668-BE54-9A1E7A4F7556}") = "ICRE007.api", "ICRE007.api\ICRE007.api.csproj", "{B2815959-E972-46B7-B3D1-DCA00E061CE4}"
EndProject
Project("{9A19103F-16F7-4668-BE54-9A1E7A4F7556}") = "ICRE012.api", "ICRE012.api\ICRE012.api.csproj", "{418064F7-4155-4ED6-BA3A-626AD8285B93}"
EndProject
Project("{9A19103F-16F7-4668-BE54-9A1E7A4F7556}") = "IPRO005.api", "IPRO005.api\IPRO005.api.csproj", "{47D497FC-C229-4C35-91E3-15F7344D34CA}"
EndProject
Project("{9A19103F-16F7-4668-BE54-9A1E7A4F7556}") = "IPRO007.api", "IPRO007.api\IPRO007.api.csproj", "{0B98CAF1-36E7-47DE-972E-42CF447A6D91}"
EndProject
Project("{9A19103F-16F7-4668-BE54-9A1E7A4F7556}") = "ISAC001.api", "ISAC001.api\ISAC001.api.csproj", "{43D6387F-660C-47D5-84C2-0BC4494A13D5}"
EndProject
Project("{9A19103F-16F7-4668-BE54-9A1E7A4F7556}") = "ISAC017", "ISAC017\ISAC017.csproj", "{6A60A338-CE3F-4886-A67A-744FFA8115F7}"
EndProject
Project("{9A19103F-16F7-4668-BE54-9A1E7A4F7556}") = "ISAC017.api", "ISAC017.api\ISAC017.api.csproj", "{1F377D3C-0DA4-4818-B126-9EE612C7388C}"
EndProject
Project("{9A19103F-16F7-4668-BE54-9A1E7A4F7556}") = "ISAC018", "ISAC018\ISAC018.csproj", "{0CC37289-F7D6-4998-A719-C7BAFB7035C8}"
EndProject
Project("{9A19103F-16F7-4668-BE54-9A1E7A4F7556}") = "ITES001", "ITES001\ITES001.csproj", "{2BA73317-D120-4927-80AE-72BFE998823D}"
EndProject
Project("{9A19103F-16F7-4668-BE54-9A1E7A4F7556}") = "IVTA004.api", "IVTA004.api\IVTA004.api.csproj", "{F504F937-A087-4505-9456-C3A1633866C5}"
EndProject
Project("{9A19103F-16F7-4668-BE54-9A1E7A4F7556}") = "IVTA005.api", "IVTA005.api\IVTA005.api.csproj", "{EBF46DAD-26DD-44D0-ADD8-BCDD2FB78237}"
EndProject
Project("{9A19103F-16F7-4668-BE54-9A1E7A4F7556}") = "IVTA009.api", "IVTA009.api\IVTA009.api.csproj", "{1869519B-5816-42DD-BBFD-D126E2097749}"
EndProject
Project("{9A19103F-16F7-4668-BE54-9A1E7A4F7556}") = "IVTA010", "IVTA010\IVTA010.csproj", "{0787FEED-7A3F-4300-AF71-ACE58AC77B7D}"
EndProject
Project("{9A19103F-16F7-4668-BE54-9A1E7A4F7556}") = "IVTA011", "IVTA011\IVTA011.csproj", "{39900BFA-4487-4BD2-A721-6D356DC0BA71}"
EndProject
Project("{9A19103F-16F7-4668-BE54-9A1E7A4F7556}") = "IVTA014", "IVTA014\IVTA014.csproj", "{B7D082E5-2AC0-4A42-9B2F-E0768B6F486A}"
EndProject
Project("{9A19103F-16F7-4668-BE54-9A1E7A4F7556}") = "IVTA019.api", "IVTA019.api\IVTA019.api\IVTA019.api.csproj", "{34D82639-82DE-4A72-8D5F-A1CBBF88AE39}"
EndProject
Project("{9A19103F-16F7-4668-BE54-9A1E7A4F7556}") = "IVTA018.api", "IVTA018.api\IVTA018.api\IVTA018.api.csproj", "{572E2C4E-9BB8-4D93-823D-5AF7790829AC}"
EndProject
Project("{9A19103F-16F7-4668-BE54-9A1E7A4F7556}") = "IVTA018_02", "IVTA018.api\IVTA018_02\IVTA018_02.csproj", "{A7892FBA-330F-4D8B-BD16-684E52688E9B}"
EndProject
Project("{FAE04EC0-301F-11D3-BF4B-00C04F79EFBC}") = "IVTA018WS", "IVTA018.api\IVTA018WS\IVTA018WS.csproj", "{924DD5BD-AC7C-40B5-A64B-FFB3AA5DD292}"
EndProject
Project("{9A19103F-16F7-4668-BE54-9A1E7A4F7556}") = "IVTA017", "IVTA017\IVTA017\IVTA017\IVTA017.csproj", "{239AF905-949D-416B-A1BA-93695EE6DC88}"
EndProject
Project("{9A19103F-16F7-4668-BE54-9A1E7A4F7556}") = "DCAJ003", "DCAJ003\DCAJ003\DCAJ003.csproj", "{DAB967A0-7B19-4911-B9FF-5F09A27A9EA8}"
EndProject
Project("{9A19103F-16F7-4668-BE54-9A1E7A4F7556}") = "DCAJ003_002", "DCAJ003\DCAJ003_002\DCAJ003_002.csproj", "{9FA519C3-7A00-4A78-89A6-3970FC45E643}"
EndProject
Project("{9A19103F-16F7-4668-BE54-9A1E7A4F7556}") = "DCAJ017.api", "DCAJ017.api\DCAJ017.api\DCAJ017.api.csproj", "{D1C71271-F8D3-4842-8692-782DCA07F4BF}"
EndProject
Project("{9A19103F-16F7-4668-BE54-9A1E7A4F7556}") = "ICAJ003.api", "ICAJ003.api\ICAJ003.api\ICAJ003.api.csproj", "{BFF4D4B4-2028-49A6-B339-9B6D45773D0C}"
EndProject
Project("{9A19103F-16F7-4668-BE54-9A1E7A4F7556}") = "ICAJ004.api", "ICAJ004.api\ICAJ004.api\ICAJ004.api.csproj", "{734A1F98-0F92-4F1D-A101-6B198D40C996}"
EndProject
Project("{9A19103F-16F7-4668-BE54-9A1E7A4F7556}") = "ICAJ018.api", "ICAJ018.api\ICAJ018.api\ICAJ018.api.csproj", "{09DBC4A3-E5EB-4339-B61B-6503E0B2FBB0}"
EndProject
Project("{9A19103F-16F7-4668-BE54-9A1E7A4F7556}") = "ICAJ024.api", "ICAJ024.api\ICAJ024.api\ICAJ024.api.csproj", "{A3743FE5-3C93-42F0-84D8-E7CC070EDC21}"
EndProject
Project("{9A19103F-16F7-4668-BE54-9A1E7A4F7556}") = "ICOB001.api", "ICOB001.api\ICOB001.api\ICOB001.api.csproj", "{6CE4A27C-28AE-4645-8792-5F8F73A9CDD8}"
EndProject
Project("{9A19103F-16F7-4668-BE54-9A1E7A4F7556}") = "ICOB009.api", "ICOB009.api\ICOB009.api\ICOB009.api.csproj", "{B4A8174D-2CDB-4273-B602-5AA00A871DDF}"
EndProject
Project("{9A19103F-16F7-4668-BE54-9A1E7A4F7556}") = "ICON002_001", "ICON002\ICON002_001\ICON002_001.csproj", "{E7D135AC-95CC-40C3-8B50-8EB943AA4DD0}"
EndProject
Project("{9A19103F-16F7-4668-BE54-9A1E7A4F7556}") = "ICON002_002", "ICON002\ICON002_002\ICON002_002.csproj", "{7EF13E82-ED3F-4F7E-9ECC-7A6651B4E7F3}"
EndProject
Project("{9A19103F-16F7-4668-BE54-9A1E7A4F7556}") = "ICRE002.api", "ICRE002.api\ICRE002.api\ICRE002.api.csproj", "{8F6EBCEE-9965-4D17-9AA2-A00D63F8C18D}"
EndProject
Project("{9A19103F-16F7-4668-BE54-9A1E7A4F7556}") = "ICRE004.api", "ICRE004.api\ICRE004.api\ICRE004.api.csproj", "{B0F4378E-98D3-4420-A069-10873BA28199}"
EndProject
Project("{9A19103F-16F7-4668-BE54-9A1E7A4F7556}") = "ICRE006.api", "ICRE006.api\ICRE006.api\ICRE006.api.csproj", "{8F2B3635-555F-4C62-858F-6F4EDB0924EB}"
EndProject
Project("{9A19103F-16F7-4668-BE54-9A1E7A4F7556}") = "ICRE008.api", "ICRE008.api\ICRE008.api\ICRE008.api.csproj", "{4F77EC5E-C988-4CF6-945D-5286A9935913}"
EndProject
Project("{9A19103F-16F7-4668-BE54-9A1E7A4F7556}") = "ICXP003", "ICXP003.api\ICXP003\ICXP003.csproj", "{FD00A72E-C899-4D45-9D9A-F5A1745ED9AD}"
EndProject
Project("{9A19103F-16F7-4668-BE54-9A1E7A4F7556}") = "ICXP003.api", "ICXP003.api\ICXP003.api\ICXP003.api.csproj", "{9A677573-92F4-44F5-884F-33AD17ECD5FA}"
EndProject
Project("{9A19103F-16F7-4668-BE54-9A1E7A4F7556}") = "ICXP003_004", "ICXP003.api\ICXP003_004\ICXP003_004.csproj", "{D9065743-140F-4C4B-9EEB-141368AE9E09}"
EndProject
Project("{9A19103F-16F7-4668-BE54-9A1E7A4F7556}") = "ILOG001.api", "ILOG001.api\ILOG001.api\ILOG001.api.csproj", "{C72EBE4E-FBA9-407F-A09C-AE2F482ED4A7}"
EndProject
Project("{9A19103F-16F7-4668-BE54-9A1E7A4F7556}") = "ILOG002.api", "ILOG002.api\ILOG002.api\ILOG002.api.csproj", "{BFF0F61D-5BB7-4B07-AB93-7DAFB96B55C0}"
EndProject
Project("{9A19103F-16F7-4668-BE54-9A1E7A4F7556}") = "ILOG002_001", "ILOG002.api\ILOG002_001\ILOG002_001.csproj", "{06D6F7D8-8431-493C-8F6F-E87291637C4B}"
EndProject
Project("{9A19103F-16F7-4668-BE54-9A1E7A4F7556}") = "ILOG002_002", "ILOG002.api\ILOG002_002\ILOG002_002.csproj", "{36F9B54B-D433-480A-9D6C-8356304A810A}"
EndProject
Project("{9A19103F-16F7-4668-BE54-9A1E7A4F7556}") = "ILOG002_004", "ILOG002.api\ILOG002_004\ILOG002_004.csproj", "{C913AE3F-3560-48A4-8678-C121054E2186}"
EndProject
Project("{9A19103F-16F7-4668-BE54-9A1E7A4F7556}") = "IPRO002.api", "IPRO002.api\IPRO002.api\IPRO002.api.csproj", "{1ABEF500-120B-4A45-BF8C-55FA875786D8}"
EndProject
Project("{9A19103F-16F7-4668-BE54-9A1E7A4F7556}") = "IPRO004.api", "IPRO004.api\IPRO004.api\IPRO004.api.csproj", "{11814CE9-635A-468E-884D-DD4DF57BA471}"
EndProject
Project("{9A19103F-16F7-4668-BE54-9A1E7A4F7556}") = "IPRO012.api", "IPRO012.api\IPRO012.api\IPRO012.api.csproj", "{C9B3A853-5842-49D7-AE7B-16A6A1A637CE}"
EndProject
Project("{9A19103F-16F7-4668-BE54-9A1E7A4F7556}") = "ISAC015.api", "ISAC015.api\ISAC015.api\ISAC015.api.csproj", "{D8DCDB53-E1C3-48E2-BF87-132CD102F2E7}"
EndProject
Project("{9A19103F-16F7-4668-BE54-9A1E7A4F7556}") = "ISAC020", "ISAC020.api\ISAC020\ISAC020.csproj", "{7095F5EF-CA19-4095-98B5-B3BFA42E548F}"
EndProject
Project("{9A19103F-16F7-4668-BE54-9A1E7A4F7556}") = "ISAC020.api", "ISAC020.api\ISAC020.api\ISAC020.api.csproj", "{E84381CF-2796-408A-ADBA-3FF62091DE99}"
EndProject
Project("{9A19103F-16F7-4668-BE54-9A1E7A4F7556}") = "ISAC021", "ISCA021.api\ISAC021\ISAC021.csproj", "{4EC780FA-40DE-40BE-B6A5-00BE547C921C}"
EndProject
Project("{9A19103F-16F7-4668-BE54-9A1E7A4F7556}") = "ISCA021.api", "ISCA021.api\ISCA021.api\ISCA021.api.csproj", "{DACC580F-2DBA-4A1E-850F-52A2F2C1C4A7}"
EndProject
Project("{9A19103F-16F7-4668-BE54-9A1E7A4F7556}") = "IVTA003.api", "IVTA003.api\IVTA003.api\IVTA003.api.csproj", "{2BBEBFCE-D051-4EF8-B2BC-3FCF23C2A1C3}"
EndProject
Project("{9A19103F-16F7-4668-BE54-9A1E7A4F7556}") = "IVTA006", "IVTA006\IVTA006\IVTA006.csproj", "{73985483-9D35-40CE-AEC8-DEA75C6D6901}"
EndProject
Project("{9A19103F-16F7-4668-BE54-9A1E7A4F7556}") = "IVTA007", "IVTA007\IVTA007\IVTA007.csproj", "{D4FE7B06-5855-49EC-86F7-90E52CC876F4}"
EndProject
Project("{9A19103F-16F7-4668-BE54-9A1E7A4F7556}") = "IVTA007_002", "IVTA007\IVTA007_002\IVTA007_002.csproj", "{A54B4206-EBC5-4FC2-8191-EFDC8C12D825}"
EndProject
Project("{9A19103F-16F7-4668-BE54-9A1E7A4F7556}") = "ICRE001.api", "ICRE001.api\ICRE001.api\ICRE001.api.csproj", "{6CDF9955-1D13-492B-97B7-76FC1D03B561}"
EndProject
Project("{9A19103F-16F7-4668-BE54-9A1E7A4F7556}") = "ICAJ015.api", "ICAJ015.api\ICAJ015.api\ICAJ015.api.csproj", "{02C8F0C4-4C08-43E5-9860-50069E3F6CD6}"
EndProject
Global
	GlobalSection(SolutionConfigurationPlatforms) = preSolution
		Debug|Any CPU = Debug|Any CPU
		Debug|x86 = Debug|x86
		Release|Any CPU = Release|Any CPU
		Release|x86 = Release|x86
	EndGlobalSection
	GlobalSection(ProjectConfigurationPlatforms) = postSolution
		{C55A78C7-2683-4D1D-B003-419F64BF267A}.Debug|Any CPU.ActiveCfg = Debug|Any CPU
		{C55A78C7-2683-4D1D-B003-419F64BF267A}.Debug|Any CPU.Build.0 = Debug|Any CPU
		{C55A78C7-2683-4D1D-B003-419F64BF267A}.Debug|x86.ActiveCfg = Debug|Any CPU
		{C55A78C7-2683-4D1D-B003-419F64BF267A}.Debug|x86.Build.0 = Debug|Any CPU
		{C55A78C7-2683-4D1D-B003-419F64BF267A}.Release|Any CPU.ActiveCfg = Release|Any CPU
		{C55A78C7-2683-4D1D-B003-419F64BF267A}.Release|Any CPU.Build.0 = Release|Any CPU
		{C55A78C7-2683-4D1D-B003-419F64BF267A}.Release|x86.ActiveCfg = Release|Any CPU
		{C55A78C7-2683-4D1D-B003-419F64BF267A}.Release|x86.Build.0 = Release|Any CPU
		{9E926ED3-B896-42C3-8947-1BD50F200F5F}.Debug|Any CPU.ActiveCfg = Debug|Any CPU
		{9E926ED3-B896-42C3-8947-1BD50F200F5F}.Debug|Any CPU.Build.0 = Debug|Any CPU
		{9E926ED3-B896-42C3-8947-1BD50F200F5F}.Debug|x86.ActiveCfg = Debug|Any CPU
		{9E926ED3-B896-42C3-8947-1BD50F200F5F}.Debug|x86.Build.0 = Debug|Any CPU
		{9E926ED3-B896-42C3-8947-1BD50F200F5F}.Release|Any CPU.ActiveCfg = Release|Any CPU
		{9E926ED3-B896-42C3-8947-1BD50F200F5F}.Release|Any CPU.Build.0 = Release|Any CPU
		{9E926ED3-B896-42C3-8947-1BD50F200F5F}.Release|x86.ActiveCfg = Release|Any CPU
		{9E926ED3-B896-42C3-8947-1BD50F200F5F}.Release|x86.Build.0 = Release|Any CPU
		{96BD1952-3FFA-49B3-AB7D-FD7B79382948}.Debug|Any CPU.ActiveCfg = Debug|Any CPU
		{96BD1952-3FFA-49B3-AB7D-FD7B79382948}.Debug|Any CPU.Build.0 = Debug|Any CPU
		{96BD1952-3FFA-49B3-AB7D-FD7B79382948}.Debug|x86.ActiveCfg = Debug|Any CPU
		{96BD1952-3FFA-49B3-AB7D-FD7B79382948}.Debug|x86.Build.0 = Debug|Any CPU
		{96BD1952-3FFA-49B3-AB7D-FD7B79382948}.Release|Any CPU.ActiveCfg = Release|Any CPU
		{96BD1952-3FFA-49B3-AB7D-FD7B79382948}.Release|Any CPU.Build.0 = Release|Any CPU
		{96BD1952-3FFA-49B3-AB7D-FD7B79382948}.Release|x86.ActiveCfg = Release|Any CPU
		{96BD1952-3FFA-49B3-AB7D-FD7B79382948}.Release|x86.Build.0 = Release|Any CPU
		{12AABDA3-C7D3-4BB1-A1F1-609E4A0D244A}.Debug|Any CPU.ActiveCfg = Debug|Any CPU
		{12AABDA3-C7D3-4BB1-A1F1-609E4A0D244A}.Debug|Any CPU.Build.0 = Debug|Any CPU
		{12AABDA3-C7D3-4BB1-A1F1-609E4A0D244A}.Debug|x86.ActiveCfg = Debug|Any CPU
		{12AABDA3-C7D3-4BB1-A1F1-609E4A0D244A}.Debug|x86.Build.0 = Debug|Any CPU
		{12AABDA3-C7D3-4BB1-A1F1-609E4A0D244A}.Release|Any CPU.ActiveCfg = Release|Any CPU
		{12AABDA3-C7D3-4BB1-A1F1-609E4A0D244A}.Release|Any CPU.Build.0 = Release|Any CPU
		{12AABDA3-C7D3-4BB1-A1F1-609E4A0D244A}.Release|x86.ActiveCfg = Release|Any CPU
		{12AABDA3-C7D3-4BB1-A1F1-609E4A0D244A}.Release|x86.Build.0 = Release|Any CPU
		{EA7E8878-C1D5-420B-AA45-C5D460EDCB77}.Debug|Any CPU.ActiveCfg = Debug|Any CPU
		{EA7E8878-C1D5-420B-AA45-C5D460EDCB77}.Debug|Any CPU.Build.0 = Debug|Any CPU
		{EA7E8878-C1D5-420B-AA45-C5D460EDCB77}.Debug|x86.ActiveCfg = Debug|Any CPU
		{EA7E8878-C1D5-420B-AA45-C5D460EDCB77}.Debug|x86.Build.0 = Debug|Any CPU
		{EA7E8878-C1D5-420B-AA45-C5D460EDCB77}.Release|Any CPU.ActiveCfg = Release|Any CPU
		{EA7E8878-C1D5-420B-AA45-C5D460EDCB77}.Release|Any CPU.Build.0 = Release|Any CPU
		{EA7E8878-C1D5-420B-AA45-C5D460EDCB77}.Release|x86.ActiveCfg = Release|Any CPU
		{EA7E8878-C1D5-420B-AA45-C5D460EDCB77}.Release|x86.Build.0 = Release|Any CPU
		{73A21683-8C4C-4019-9FD9-C1C293940ADA}.Debug|Any CPU.ActiveCfg = Debug|Any CPU
		{73A21683-8C4C-4019-9FD9-C1C293940ADA}.Debug|Any CPU.Build.0 = Debug|Any CPU
		{73A21683-8C4C-4019-9FD9-C1C293940ADA}.Debug|x86.ActiveCfg = Debug|Any CPU
		{73A21683-8C4C-4019-9FD9-C1C293940ADA}.Debug|x86.Build.0 = Debug|Any CPU
		{73A21683-8C4C-4019-9FD9-C1C293940ADA}.Release|Any CPU.ActiveCfg = Release|Any CPU
		{73A21683-8C4C-4019-9FD9-C1C293940ADA}.Release|Any CPU.Build.0 = Release|Any CPU
		{73A21683-8C4C-4019-9FD9-C1C293940ADA}.Release|x86.ActiveCfg = Release|Any CPU
		{73A21683-8C4C-4019-9FD9-C1C293940ADA}.Release|x86.Build.0 = Release|Any CPU
		{44E4363A-EE70-4658-8291-EACC16A662C0}.Debug|Any CPU.ActiveCfg = Debug|Any CPU
		{44E4363A-EE70-4658-8291-EACC16A662C0}.Debug|Any CPU.Build.0 = Debug|Any CPU
		{44E4363A-EE70-4658-8291-EACC16A662C0}.Debug|x86.ActiveCfg = Debug|Any CPU
		{44E4363A-EE70-4658-8291-EACC16A662C0}.Debug|x86.Build.0 = Debug|Any CPU
		{44E4363A-EE70-4658-8291-EACC16A662C0}.Release|Any CPU.ActiveCfg = Release|Any CPU
		{44E4363A-EE70-4658-8291-EACC16A662C0}.Release|Any CPU.Build.0 = Release|Any CPU
		{44E4363A-EE70-4658-8291-EACC16A662C0}.Release|x86.ActiveCfg = Release|Any CPU
		{44E4363A-EE70-4658-8291-EACC16A662C0}.Release|x86.Build.0 = Release|Any CPU
		{C70EFFEC-0DF4-415D-AAE7-B064AF30CFB9}.Debug|Any CPU.ActiveCfg = Debug|Any CPU
		{C70EFFEC-0DF4-415D-AAE7-B064AF30CFB9}.Debug|Any CPU.Build.0 = Debug|Any CPU
		{C70EFFEC-0DF4-415D-AAE7-B064AF30CFB9}.Debug|x86.ActiveCfg = Debug|Any CPU
		{C70EFFEC-0DF4-415D-AAE7-B064AF30CFB9}.Debug|x86.Build.0 = Debug|Any CPU
		{C70EFFEC-0DF4-415D-AAE7-B064AF30CFB9}.Release|Any CPU.ActiveCfg = Release|Any CPU
		{C70EFFEC-0DF4-415D-AAE7-B064AF30CFB9}.Release|Any CPU.Build.0 = Release|Any CPU
		{C70EFFEC-0DF4-415D-AAE7-B064AF30CFB9}.Release|x86.ActiveCfg = Release|Any CPU
		{C70EFFEC-0DF4-415D-AAE7-B064AF30CFB9}.Release|x86.Build.0 = Release|Any CPU
		{CF849F60-02BB-4250-B140-66EB79D1EE7D}.Debug|Any CPU.ActiveCfg = Debug|Any CPU
		{CF849F60-02BB-4250-B140-66EB79D1EE7D}.Debug|Any CPU.Build.0 = Debug|Any CPU
		{CF849F60-02BB-4250-B140-66EB79D1EE7D}.Debug|x86.ActiveCfg = Debug|Any CPU
		{CF849F60-02BB-4250-B140-66EB79D1EE7D}.Debug|x86.Build.0 = Debug|Any CPU
		{CF849F60-02BB-4250-B140-66EB79D1EE7D}.Release|Any CPU.ActiveCfg = Release|Any CPU
		{CF849F60-02BB-4250-B140-66EB79D1EE7D}.Release|Any CPU.Build.0 = Release|Any CPU
		{CF849F60-02BB-4250-B140-66EB79D1EE7D}.Release|x86.ActiveCfg = Release|Any CPU
		{CF849F60-02BB-4250-B140-66EB79D1EE7D}.Release|x86.Build.0 = Release|Any CPU
		{BAF0C220-3738-431E-9BC2-FEEE8B01C876}.Debug|Any CPU.ActiveCfg = Debug|Any CPU
		{BAF0C220-3738-431E-9BC2-FEEE8B01C876}.Debug|Any CPU.Build.0 = Debug|Any CPU
		{BAF0C220-3738-431E-9BC2-FEEE8B01C876}.Debug|x86.ActiveCfg = Debug|Any CPU
		{BAF0C220-3738-431E-9BC2-FEEE8B01C876}.Debug|x86.Build.0 = Debug|Any CPU
		{BAF0C220-3738-431E-9BC2-FEEE8B01C876}.Release|Any CPU.ActiveCfg = Release|Any CPU
		{BAF0C220-3738-431E-9BC2-FEEE8B01C876}.Release|Any CPU.Build.0 = Release|Any CPU
		{BAF0C220-3738-431E-9BC2-FEEE8B01C876}.Release|x86.ActiveCfg = Release|Any CPU
		{BAF0C220-3738-431E-9BC2-FEEE8B01C876}.Release|x86.Build.0 = Release|Any CPU
		{C7CEF91D-1D7B-452F-9A54-98D77C4B2359}.Debug|Any CPU.ActiveCfg = Debug|Any CPU
		{C7CEF91D-1D7B-452F-9A54-98D77C4B2359}.Debug|Any CPU.Build.0 = Debug|Any CPU
		{C7CEF91D-1D7B-452F-9A54-98D77C4B2359}.Debug|x86.ActiveCfg = Debug|Any CPU
		{C7CEF91D-1D7B-452F-9A54-98D77C4B2359}.Debug|x86.Build.0 = Debug|Any CPU
		{C7CEF91D-1D7B-452F-9A54-98D77C4B2359}.Release|Any CPU.ActiveCfg = Release|Any CPU
		{C7CEF91D-1D7B-452F-9A54-98D77C4B2359}.Release|Any CPU.Build.0 = Release|Any CPU
		{C7CEF91D-1D7B-452F-9A54-98D77C4B2359}.Release|x86.ActiveCfg = Release|Any CPU
		{C7CEF91D-1D7B-452F-9A54-98D77C4B2359}.Release|x86.Build.0 = Release|Any CPU
		{58EB1812-FB9D-42B9-A658-D5F16C1923D8}.Debug|Any CPU.ActiveCfg = Debug|Any CPU
		{58EB1812-FB9D-42B9-A658-D5F16C1923D8}.Debug|Any CPU.Build.0 = Debug|Any CPU
		{58EB1812-FB9D-42B9-A658-D5F16C1923D8}.Debug|x86.ActiveCfg = Debug|Any CPU
		{58EB1812-FB9D-42B9-A658-D5F16C1923D8}.Debug|x86.Build.0 = Debug|Any CPU
		{58EB1812-FB9D-42B9-A658-D5F16C1923D8}.Release|Any CPU.ActiveCfg = Release|Any CPU
		{58EB1812-FB9D-42B9-A658-D5F16C1923D8}.Release|Any CPU.Build.0 = Release|Any CPU
		{58EB1812-FB9D-42B9-A658-D5F16C1923D8}.Release|x86.ActiveCfg = Release|Any CPU
		{58EB1812-FB9D-42B9-A658-D5F16C1923D8}.Release|x86.Build.0 = Release|Any CPU
		{EE7271B6-8D8C-4BB0-BC86-FAAA305D654F}.Debug|Any CPU.ActiveCfg = Debug|Any CPU
		{EE7271B6-8D8C-4BB0-BC86-FAAA305D654F}.Debug|Any CPU.Build.0 = Debug|Any CPU
		{EE7271B6-8D8C-4BB0-BC86-FAAA305D654F}.Debug|x86.ActiveCfg = Debug|Any CPU
		{EE7271B6-8D8C-4BB0-BC86-FAAA305D654F}.Debug|x86.Build.0 = Debug|Any CPU
		{EE7271B6-8D8C-4BB0-BC86-FAAA305D654F}.Release|Any CPU.ActiveCfg = Release|Any CPU
		{EE7271B6-8D8C-4BB0-BC86-FAAA305D654F}.Release|Any CPU.Build.0 = Release|Any CPU
		{EE7271B6-8D8C-4BB0-BC86-FAAA305D654F}.Release|x86.ActiveCfg = Release|Any CPU
		{EE7271B6-8D8C-4BB0-BC86-FAAA305D654F}.Release|x86.Build.0 = Release|Any CPU
		{42BE7BB4-0198-4A79-BA46-743E0EE76B62}.Debug|Any CPU.ActiveCfg = Debug|Any CPU
		{42BE7BB4-0198-4A79-BA46-743E0EE76B62}.Debug|Any CPU.Build.0 = Debug|Any CPU
		{42BE7BB4-0198-4A79-BA46-743E0EE76B62}.Debug|x86.ActiveCfg = Debug|Any CPU
		{42BE7BB4-0198-4A79-BA46-743E0EE76B62}.Debug|x86.Build.0 = Debug|Any CPU
		{42BE7BB4-0198-4A79-BA46-743E0EE76B62}.Release|Any CPU.ActiveCfg = Release|Any CPU
		{42BE7BB4-0198-4A79-BA46-743E0EE76B62}.Release|Any CPU.Build.0 = Release|Any CPU
		{42BE7BB4-0198-4A79-BA46-743E0EE76B62}.Release|x86.ActiveCfg = Release|Any CPU
		{42BE7BB4-0198-4A79-BA46-743E0EE76B62}.Release|x86.Build.0 = Release|Any CPU
		{D9CD346B-774E-49F0-A8C8-791367A40D83}.Debug|Any CPU.ActiveCfg = Debug|Any CPU
		{D9CD346B-774E-49F0-A8C8-791367A40D83}.Debug|Any CPU.Build.0 = Debug|Any CPU
		{D9CD346B-774E-49F0-A8C8-791367A40D83}.Debug|x86.ActiveCfg = Debug|Any CPU
		{D9CD346B-774E-49F0-A8C8-791367A40D83}.Debug|x86.Build.0 = Debug|Any CPU
		{D9CD346B-774E-49F0-A8C8-791367A40D83}.Release|Any CPU.ActiveCfg = Release|Any CPU
		{D9CD346B-774E-49F0-A8C8-791367A40D83}.Release|Any CPU.Build.0 = Release|Any CPU
		{D9CD346B-774E-49F0-A8C8-791367A40D83}.Release|x86.ActiveCfg = Release|Any CPU
		{D9CD346B-774E-49F0-A8C8-791367A40D83}.Release|x86.Build.0 = Release|Any CPU
		{C5F32276-A864-4DAB-B34F-D965A64DDB3C}.Debug|Any CPU.ActiveCfg = Debug|Any CPU
		{C5F32276-A864-4DAB-B34F-D965A64DDB3C}.Debug|Any CPU.Build.0 = Debug|Any CPU
		{C5F32276-A864-4DAB-B34F-D965A64DDB3C}.Debug|x86.ActiveCfg = Debug|Any CPU
		{C5F32276-A864-4DAB-B34F-D965A64DDB3C}.Debug|x86.Build.0 = Debug|Any CPU
		{C5F32276-A864-4DAB-B34F-D965A64DDB3C}.Release|Any CPU.ActiveCfg = Release|Any CPU
		{C5F32276-A864-4DAB-B34F-D965A64DDB3C}.Release|Any CPU.Build.0 = Release|Any CPU
		{C5F32276-A864-4DAB-B34F-D965A64DDB3C}.Release|x86.ActiveCfg = Release|Any CPU
		{C5F32276-A864-4DAB-B34F-D965A64DDB3C}.Release|x86.Build.0 = Release|Any CPU
		{2ED24445-136B-419B-8E82-83902C2DE653}.Debug|Any CPU.ActiveCfg = Debug|Any CPU
		{2ED24445-136B-419B-8E82-83902C2DE653}.Debug|Any CPU.Build.0 = Debug|Any CPU
		{2ED24445-136B-419B-8E82-83902C2DE653}.Debug|x86.ActiveCfg = Debug|Any CPU
		{2ED24445-136B-419B-8E82-83902C2DE653}.Debug|x86.Build.0 = Debug|Any CPU
		{2ED24445-136B-419B-8E82-83902C2DE653}.Release|Any CPU.ActiveCfg = Release|Any CPU
		{2ED24445-136B-419B-8E82-83902C2DE653}.Release|Any CPU.Build.0 = Release|Any CPU
		{2ED24445-136B-419B-8E82-83902C2DE653}.Release|x86.ActiveCfg = Release|Any CPU
		{2ED24445-136B-419B-8E82-83902C2DE653}.Release|x86.Build.0 = Release|Any CPU
		{811BC31E-B585-4D96-8FBC-F963DF2738ED}.Debug|Any CPU.ActiveCfg = Debug|Any CPU
		{811BC31E-B585-4D96-8FBC-F963DF2738ED}.Debug|Any CPU.Build.0 = Debug|Any CPU
		{811BC31E-B585-4D96-8FBC-F963DF2738ED}.Debug|x86.ActiveCfg = Debug|Any CPU
		{811BC31E-B585-4D96-8FBC-F963DF2738ED}.Debug|x86.Build.0 = Debug|Any CPU
		{811BC31E-B585-4D96-8FBC-F963DF2738ED}.Release|Any CPU.ActiveCfg = Release|Any CPU
		{811BC31E-B585-4D96-8FBC-F963DF2738ED}.Release|Any CPU.Build.0 = Release|Any CPU
		{811BC31E-B585-4D96-8FBC-F963DF2738ED}.Release|x86.ActiveCfg = Release|Any CPU
		{811BC31E-B585-4D96-8FBC-F963DF2738ED}.Release|x86.Build.0 = Release|Any CPU
		{B2815959-E972-46B7-B3D1-DCA00E061CE4}.Debug|Any CPU.ActiveCfg = Debug|Any CPU
		{B2815959-E972-46B7-B3D1-DCA00E061CE4}.Debug|Any CPU.Build.0 = Debug|Any CPU
		{B2815959-E972-46B7-B3D1-DCA00E061CE4}.Debug|x86.ActiveCfg = Debug|Any CPU
		{B2815959-E972-46B7-B3D1-DCA00E061CE4}.Debug|x86.Build.0 = Debug|Any CPU
		{B2815959-E972-46B7-B3D1-DCA00E061CE4}.Release|Any CPU.ActiveCfg = Release|Any CPU
		{B2815959-E972-46B7-B3D1-DCA00E061CE4}.Release|Any CPU.Build.0 = Release|Any CPU
		{B2815959-E972-46B7-B3D1-DCA00E061CE4}.Release|x86.ActiveCfg = Release|Any CPU
		{B2815959-E972-46B7-B3D1-DCA00E061CE4}.Release|x86.Build.0 = Release|Any CPU
		{418064F7-4155-4ED6-BA3A-626AD8285B93}.Debug|Any CPU.ActiveCfg = Debug|Any CPU
		{418064F7-4155-4ED6-BA3A-626AD8285B93}.Debug|Any CPU.Build.0 = Debug|Any CPU
		{418064F7-4155-4ED6-BA3A-626AD8285B93}.Debug|x86.ActiveCfg = Debug|Any CPU
		{418064F7-4155-4ED6-BA3A-626AD8285B93}.Debug|x86.Build.0 = Debug|Any CPU
		{418064F7-4155-4ED6-BA3A-626AD8285B93}.Release|Any CPU.ActiveCfg = Release|Any CPU
		{418064F7-4155-4ED6-BA3A-626AD8285B93}.Release|Any CPU.Build.0 = Release|Any CPU
		{418064F7-4155-4ED6-BA3A-626AD8285B93}.Release|x86.ActiveCfg = Release|Any CPU
		{418064F7-4155-4ED6-BA3A-626AD8285B93}.Release|x86.Build.0 = Release|Any CPU
		{47D497FC-C229-4C35-91E3-15F7344D34CA}.Debug|Any CPU.ActiveCfg = Debug|Any CPU
		{47D497FC-C229-4C35-91E3-15F7344D34CA}.Debug|Any CPU.Build.0 = Debug|Any CPU
		{47D497FC-C229-4C35-91E3-15F7344D34CA}.Debug|x86.ActiveCfg = Debug|Any CPU
		{47D497FC-C229-4C35-91E3-15F7344D34CA}.Debug|x86.Build.0 = Debug|Any CPU
		{47D497FC-C229-4C35-91E3-15F7344D34CA}.Release|Any CPU.ActiveCfg = Release|Any CPU
		{47D497FC-C229-4C35-91E3-15F7344D34CA}.Release|Any CPU.Build.0 = Release|Any CPU
		{47D497FC-C229-4C35-91E3-15F7344D34CA}.Release|x86.ActiveCfg = Release|Any CPU
		{47D497FC-C229-4C35-91E3-15F7344D34CA}.Release|x86.Build.0 = Release|Any CPU
		{0B98CAF1-36E7-47DE-972E-42CF447A6D91}.Debug|Any CPU.ActiveCfg = Debug|Any CPU
		{0B98CAF1-36E7-47DE-972E-42CF447A6D91}.Debug|Any CPU.Build.0 = Debug|Any CPU
		{0B98CAF1-36E7-47DE-972E-42CF447A6D91}.Debug|x86.ActiveCfg = Debug|Any CPU
		{0B98CAF1-36E7-47DE-972E-42CF447A6D91}.Debug|x86.Build.0 = Debug|Any CPU
		{0B98CAF1-36E7-47DE-972E-42CF447A6D91}.Release|Any CPU.ActiveCfg = Release|Any CPU
		{0B98CAF1-36E7-47DE-972E-42CF447A6D91}.Release|Any CPU.Build.0 = Release|Any CPU
		{0B98CAF1-36E7-47DE-972E-42CF447A6D91}.Release|x86.ActiveCfg = Release|Any CPU
		{0B98CAF1-36E7-47DE-972E-42CF447A6D91}.Release|x86.Build.0 = Release|Any CPU
		{43D6387F-660C-47D5-84C2-0BC4494A13D5}.Debug|Any CPU.ActiveCfg = Debug|Any CPU
		{43D6387F-660C-47D5-84C2-0BC4494A13D5}.Debug|Any CPU.Build.0 = Debug|Any CPU
		{43D6387F-660C-47D5-84C2-0BC4494A13D5}.Debug|x86.ActiveCfg = Debug|Any CPU
		{43D6387F-660C-47D5-84C2-0BC4494A13D5}.Debug|x86.Build.0 = Debug|Any CPU
		{43D6387F-660C-47D5-84C2-0BC4494A13D5}.Release|Any CPU.ActiveCfg = Release|Any CPU
		{43D6387F-660C-47D5-84C2-0BC4494A13D5}.Release|Any CPU.Build.0 = Release|Any CPU
		{43D6387F-660C-47D5-84C2-0BC4494A13D5}.Release|x86.ActiveCfg = Release|Any CPU
		{43D6387F-660C-47D5-84C2-0BC4494A13D5}.Release|x86.Build.0 = Release|Any CPU
		{6A60A338-CE3F-4886-A67A-744FFA8115F7}.Debug|Any CPU.ActiveCfg = Debug|Any CPU
		{6A60A338-CE3F-4886-A67A-744FFA8115F7}.Debug|Any CPU.Build.0 = Debug|Any CPU
		{6A60A338-CE3F-4886-A67A-744FFA8115F7}.Debug|x86.ActiveCfg = Debug|Any CPU
		{6A60A338-CE3F-4886-A67A-744FFA8115F7}.Debug|x86.Build.0 = Debug|Any CPU
		{6A60A338-CE3F-4886-A67A-744FFA8115F7}.Release|Any CPU.ActiveCfg = Release|Any CPU
		{6A60A338-CE3F-4886-A67A-744FFA8115F7}.Release|Any CPU.Build.0 = Release|Any CPU
		{6A60A338-CE3F-4886-A67A-744FFA8115F7}.Release|x86.ActiveCfg = Release|Any CPU
		{6A60A338-CE3F-4886-A67A-744FFA8115F7}.Release|x86.Build.0 = Release|Any CPU
		{1F377D3C-0DA4-4818-B126-9EE612C7388C}.Debug|Any CPU.ActiveCfg = Debug|Any CPU
		{1F377D3C-0DA4-4818-B126-9EE612C7388C}.Debug|Any CPU.Build.0 = Debug|Any CPU
		{1F377D3C-0DA4-4818-B126-9EE612C7388C}.Debug|x86.ActiveCfg = Debug|Any CPU
		{1F377D3C-0DA4-4818-B126-9EE612C7388C}.Debug|x86.Build.0 = Debug|Any CPU
		{1F377D3C-0DA4-4818-B126-9EE612C7388C}.Release|Any CPU.ActiveCfg = Release|Any CPU
		{1F377D3C-0DA4-4818-B126-9EE612C7388C}.Release|Any CPU.Build.0 = Release|Any CPU
		{1F377D3C-0DA4-4818-B126-9EE612C7388C}.Release|x86.ActiveCfg = Release|Any CPU
		{1F377D3C-0DA4-4818-B126-9EE612C7388C}.Release|x86.Build.0 = Release|Any CPU
		{0CC37289-F7D6-4998-A719-C7BAFB7035C8}.Debug|Any CPU.ActiveCfg = Debug|Any CPU
		{0CC37289-F7D6-4998-A719-C7BAFB7035C8}.Debug|Any CPU.Build.0 = Debug|Any CPU
		{0CC37289-F7D6-4998-A719-C7BAFB7035C8}.Debug|x86.ActiveCfg = Debug|Any CPU
		{0CC37289-F7D6-4998-A719-C7BAFB7035C8}.Debug|x86.Build.0 = Debug|Any CPU
		{0CC37289-F7D6-4998-A719-C7BAFB7035C8}.Release|Any CPU.ActiveCfg = Release|Any CPU
		{0CC37289-F7D6-4998-A719-C7BAFB7035C8}.Release|Any CPU.Build.0 = Release|Any CPU
		{0CC37289-F7D6-4998-A719-C7BAFB7035C8}.Release|x86.ActiveCfg = Release|Any CPU
		{0CC37289-F7D6-4998-A719-C7BAFB7035C8}.Release|x86.Build.0 = Release|Any CPU
		{2BA73317-D120-4927-80AE-72BFE998823D}.Debug|Any CPU.ActiveCfg = Debug|Any CPU
		{2BA73317-D120-4927-80AE-72BFE998823D}.Debug|Any CPU.Build.0 = Debug|Any CPU
		{2BA73317-D120-4927-80AE-72BFE998823D}.Debug|x86.ActiveCfg = Debug|Any CPU
		{2BA73317-D120-4927-80AE-72BFE998823D}.Debug|x86.Build.0 = Debug|Any CPU
		{2BA73317-D120-4927-80AE-72BFE998823D}.Release|Any CPU.ActiveCfg = Release|Any CPU
		{2BA73317-D120-4927-80AE-72BFE998823D}.Release|Any CPU.Build.0 = Release|Any CPU
		{2BA73317-D120-4927-80AE-72BFE998823D}.Release|x86.ActiveCfg = Release|Any CPU
		{2BA73317-D120-4927-80AE-72BFE998823D}.Release|x86.Build.0 = Release|Any CPU
		{F504F937-A087-4505-9456-C3A1633866C5}.Debug|Any CPU.ActiveCfg = Debug|Any CPU
		{F504F937-A087-4505-9456-C3A1633866C5}.Debug|Any CPU.Build.0 = Debug|Any CPU
		{F504F937-A087-4505-9456-C3A1633866C5}.Debug|x86.ActiveCfg = Debug|Any CPU
		{F504F937-A087-4505-9456-C3A1633866C5}.Debug|x86.Build.0 = Debug|Any CPU
		{F504F937-A087-4505-9456-C3A1633866C5}.Release|Any CPU.ActiveCfg = Release|Any CPU
		{F504F937-A087-4505-9456-C3A1633866C5}.Release|Any CPU.Build.0 = Release|Any CPU
		{F504F937-A087-4505-9456-C3A1633866C5}.Release|x86.ActiveCfg = Release|Any CPU
		{F504F937-A087-4505-9456-C3A1633866C5}.Release|x86.Build.0 = Release|Any CPU
		{EBF46DAD-26DD-44D0-ADD8-BCDD2FB78237}.Debug|Any CPU.ActiveCfg = Debug|Any CPU
		{EBF46DAD-26DD-44D0-ADD8-BCDD2FB78237}.Debug|Any CPU.Build.0 = Debug|Any CPU
		{EBF46DAD-26DD-44D0-ADD8-BCDD2FB78237}.Debug|x86.ActiveCfg = Debug|Any CPU
		{EBF46DAD-26DD-44D0-ADD8-BCDD2FB78237}.Debug|x86.Build.0 = Debug|Any CPU
		{EBF46DAD-26DD-44D0-ADD8-BCDD2FB78237}.Release|Any CPU.ActiveCfg = Release|Any CPU
		{EBF46DAD-26DD-44D0-ADD8-BCDD2FB78237}.Release|Any CPU.Build.0 = Release|Any CPU
		{EBF46DAD-26DD-44D0-ADD8-BCDD2FB78237}.Release|x86.ActiveCfg = Release|Any CPU
		{EBF46DAD-26DD-44D0-ADD8-BCDD2FB78237}.Release|x86.Build.0 = Release|Any CPU
		{1869519B-5816-42DD-BBFD-D126E2097749}.Debug|Any CPU.ActiveCfg = Debug|Any CPU
		{1869519B-5816-42DD-BBFD-D126E2097749}.Debug|Any CPU.Build.0 = Debug|Any CPU
		{1869519B-5816-42DD-BBFD-D126E2097749}.Debug|x86.ActiveCfg = Debug|Any CPU
		{1869519B-5816-42DD-BBFD-D126E2097749}.Debug|x86.Build.0 = Debug|Any CPU
		{1869519B-5816-42DD-BBFD-D126E2097749}.Release|Any CPU.ActiveCfg = Release|Any CPU
		{1869519B-5816-42DD-BBFD-D126E2097749}.Release|Any CPU.Build.0 = Release|Any CPU
		{1869519B-5816-42DD-BBFD-D126E2097749}.Release|x86.ActiveCfg = Release|Any CPU
		{1869519B-5816-42DD-BBFD-D126E2097749}.Release|x86.Build.0 = Release|Any CPU
		{0787FEED-7A3F-4300-AF71-ACE58AC77B7D}.Debug|Any CPU.ActiveCfg = Debug|Any CPU
		{0787FEED-7A3F-4300-AF71-ACE58AC77B7D}.Debug|Any CPU.Build.0 = Debug|Any CPU
		{0787FEED-7A3F-4300-AF71-ACE58AC77B7D}.Debug|x86.ActiveCfg = Debug|Any CPU
		{0787FEED-7A3F-4300-AF71-ACE58AC77B7D}.Debug|x86.Build.0 = Debug|Any CPU
		{0787FEED-7A3F-4300-AF71-ACE58AC77B7D}.Release|Any CPU.ActiveCfg = Release|Any CPU
		{0787FEED-7A3F-4300-AF71-ACE58AC77B7D}.Release|Any CPU.Build.0 = Release|Any CPU
		{0787FEED-7A3F-4300-AF71-ACE58AC77B7D}.Release|x86.ActiveCfg = Release|Any CPU
		{0787FEED-7A3F-4300-AF71-ACE58AC77B7D}.Release|x86.Build.0 = Release|Any CPU
		{39900BFA-4487-4BD2-A721-6D356DC0BA71}.Debug|Any CPU.ActiveCfg = Debug|Any CPU
		{39900BFA-4487-4BD2-A721-6D356DC0BA71}.Debug|Any CPU.Build.0 = Debug|Any CPU
		{39900BFA-4487-4BD2-A721-6D356DC0BA71}.Debug|x86.ActiveCfg = Debug|Any CPU
		{39900BFA-4487-4BD2-A721-6D356DC0BA71}.Debug|x86.Build.0 = Debug|Any CPU
		{39900BFA-4487-4BD2-A721-6D356DC0BA71}.Release|Any CPU.ActiveCfg = Release|Any CPU
		{39900BFA-4487-4BD2-A721-6D356DC0BA71}.Release|Any CPU.Build.0 = Release|Any CPU
		{39900BFA-4487-4BD2-A721-6D356DC0BA71}.Release|x86.ActiveCfg = Release|Any CPU
		{39900BFA-4487-4BD2-A721-6D356DC0BA71}.Release|x86.Build.0 = Release|Any CPU
		{B7D082E5-2AC0-4A42-9B2F-E0768B6F486A}.Debug|Any CPU.ActiveCfg = Debug|Any CPU
		{B7D082E5-2AC0-4A42-9B2F-E0768B6F486A}.Debug|Any CPU.Build.0 = Debug|Any CPU
		{B7D082E5-2AC0-4A42-9B2F-E0768B6F486A}.Debug|x86.ActiveCfg = Debug|Any CPU
		{B7D082E5-2AC0-4A42-9B2F-E0768B6F486A}.Debug|x86.Build.0 = Debug|Any CPU
		{B7D082E5-2AC0-4A42-9B2F-E0768B6F486A}.Release|Any CPU.ActiveCfg = Release|Any CPU
		{B7D082E5-2AC0-4A42-9B2F-E0768B6F486A}.Release|Any CPU.Build.0 = Release|Any CPU
		{B7D082E5-2AC0-4A42-9B2F-E0768B6F486A}.Release|x86.ActiveCfg = Release|Any CPU
		{B7D082E5-2AC0-4A42-9B2F-E0768B6F486A}.Release|x86.Build.0 = Release|Any CPU
		{34D82639-82DE-4A72-8D5F-A1CBBF88AE39}.Debug|Any CPU.ActiveCfg = Debug|Any CPU
		{34D82639-82DE-4A72-8D5F-A1CBBF88AE39}.Debug|Any CPU.Build.0 = Debug|Any CPU
		{34D82639-82DE-4A72-8D5F-A1CBBF88AE39}.Debug|x86.ActiveCfg = Debug|Any CPU
		{34D82639-82DE-4A72-8D5F-A1CBBF88AE39}.Debug|x86.Build.0 = Debug|Any CPU
		{34D82639-82DE-4A72-8D5F-A1CBBF88AE39}.Release|Any CPU.ActiveCfg = Release|Any CPU
		{34D82639-82DE-4A72-8D5F-A1CBBF88AE39}.Release|Any CPU.Build.0 = Release|Any CPU
		{34D82639-82DE-4A72-8D5F-A1CBBF88AE39}.Release|x86.ActiveCfg = Release|Any CPU
		{34D82639-82DE-4A72-8D5F-A1CBBF88AE39}.Release|x86.Build.0 = Release|Any CPU
		{572E2C4E-9BB8-4D93-823D-5AF7790829AC}.Debug|Any CPU.ActiveCfg = Debug|Any CPU
		{572E2C4E-9BB8-4D93-823D-5AF7790829AC}.Debug|Any CPU.Build.0 = Debug|Any CPU
		{572E2C4E-9BB8-4D93-823D-5AF7790829AC}.Debug|x86.ActiveCfg = Debug|Any CPU
		{572E2C4E-9BB8-4D93-823D-5AF7790829AC}.Debug|x86.Build.0 = Debug|Any CPU
		{572E2C4E-9BB8-4D93-823D-5AF7790829AC}.Release|Any CPU.ActiveCfg = Release|Any CPU
		{572E2C4E-9BB8-4D93-823D-5AF7790829AC}.Release|Any CPU.Build.0 = Release|Any CPU
		{572E2C4E-9BB8-4D93-823D-5AF7790829AC}.Release|x86.ActiveCfg = Release|Any CPU
		{572E2C4E-9BB8-4D93-823D-5AF7790829AC}.Release|x86.Build.0 = Release|Any CPU
		{A7892FBA-330F-4D8B-BD16-684E52688E9B}.Debug|Any CPU.ActiveCfg = Debug|Any CPU
		{A7892FBA-330F-4D8B-BD16-684E52688E9B}.Debug|Any CPU.Build.0 = Debug|Any CPU
		{A7892FBA-330F-4D8B-BD16-684E52688E9B}.Debug|x86.ActiveCfg = Debug|Any CPU
		{A7892FBA-330F-4D8B-BD16-684E52688E9B}.Debug|x86.Build.0 = Debug|Any CPU
		{A7892FBA-330F-4D8B-BD16-684E52688E9B}.Release|Any CPU.ActiveCfg = Release|Any CPU
		{A7892FBA-330F-4D8B-BD16-684E52688E9B}.Release|Any CPU.Build.0 = Release|Any CPU
		{A7892FBA-330F-4D8B-BD16-684E52688E9B}.Release|x86.ActiveCfg = Release|Any CPU
		{A7892FBA-330F-4D8B-BD16-684E52688E9B}.Release|x86.Build.0 = Release|Any CPU
		{924DD5BD-AC7C-40B5-A64B-FFB3AA5DD292}.Debug|Any CPU.ActiveCfg = Debug|Any CPU
		{924DD5BD-AC7C-40B5-A64B-FFB3AA5DD292}.Debug|Any CPU.Build.0 = Debug|Any CPU
		{924DD5BD-AC7C-40B5-A64B-FFB3AA5DD292}.Debug|x86.ActiveCfg = Debug|Any CPU
		{924DD5BD-AC7C-40B5-A64B-FFB3AA5DD292}.Debug|x86.Build.0 = Debug|Any CPU
		{924DD5BD-AC7C-40B5-A64B-FFB3AA5DD292}.Release|Any CPU.ActiveCfg = Release|Any CPU
		{924DD5BD-AC7C-40B5-A64B-FFB3AA5DD292}.Release|Any CPU.Build.0 = Release|Any CPU
		{924DD5BD-AC7C-40B5-A64B-FFB3AA5DD292}.Release|x86.ActiveCfg = Release|Any CPU
		{924DD5BD-AC7C-40B5-A64B-FFB3AA5DD292}.Release|x86.Build.0 = Release|Any CPU
		{239AF905-949D-416B-A1BA-93695EE6DC88}.Debug|Any CPU.ActiveCfg = Debug|Any CPU
		{239AF905-949D-416B-A1BA-93695EE6DC88}.Debug|Any CPU.Build.0 = Debug|Any CPU
		{239AF905-949D-416B-A1BA-93695EE6DC88}.Debug|x86.ActiveCfg = Debug|Any CPU
		{239AF905-949D-416B-A1BA-93695EE6DC88}.Debug|x86.Build.0 = Debug|Any CPU
		{239AF905-949D-416B-A1BA-93695EE6DC88}.Release|Any CPU.ActiveCfg = Release|Any CPU
		{239AF905-949D-416B-A1BA-93695EE6DC88}.Release|Any CPU.Build.0 = Release|Any CPU
		{239AF905-949D-416B-A1BA-93695EE6DC88}.Release|x86.ActiveCfg = Release|Any CPU
		{239AF905-949D-416B-A1BA-93695EE6DC88}.Release|x86.Build.0 = Release|Any CPU
		{DAB967A0-7B19-4911-B9FF-5F09A27A9EA8}.Debug|Any CPU.ActiveCfg = Debug|Any CPU
		{DAB967A0-7B19-4911-B9FF-5F09A27A9EA8}.Debug|Any CPU.Build.0 = Debug|Any CPU
		{DAB967A0-7B19-4911-B9FF-5F09A27A9EA8}.Debug|x86.ActiveCfg = Debug|Any CPU
		{DAB967A0-7B19-4911-B9FF-5F09A27A9EA8}.Debug|x86.Build.0 = Debug|Any CPU
		{DAB967A0-7B19-4911-B9FF-5F09A27A9EA8}.Release|Any CPU.ActiveCfg = Release|Any CPU
		{DAB967A0-7B19-4911-B9FF-5F09A27A9EA8}.Release|Any CPU.Build.0 = Release|Any CPU
		{DAB967A0-7B19-4911-B9FF-5F09A27A9EA8}.Release|x86.ActiveCfg = Release|Any CPU
		{DAB967A0-7B19-4911-B9FF-5F09A27A9EA8}.Release|x86.Build.0 = Release|Any CPU
		{9FA519C3-7A00-4A78-89A6-3970FC45E643}.Debug|Any CPU.ActiveCfg = Debug|Any CPU
		{9FA519C3-7A00-4A78-89A6-3970FC45E643}.Debug|Any CPU.Build.0 = Debug|Any CPU
		{9FA519C3-7A00-4A78-89A6-3970FC45E643}.Debug|x86.ActiveCfg = Debug|Any CPU
		{9FA519C3-7A00-4A78-89A6-3970FC45E643}.Debug|x86.Build.0 = Debug|Any CPU
		{9FA519C3-7A00-4A78-89A6-3970FC45E643}.Release|Any CPU.ActiveCfg = Release|Any CPU
		{9FA519C3-7A00-4A78-89A6-3970FC45E643}.Release|Any CPU.Build.0 = Release|Any CPU
		{9FA519C3-7A00-4A78-89A6-3970FC45E643}.Release|x86.ActiveCfg = Release|Any CPU
		{9FA519C3-7A00-4A78-89A6-3970FC45E643}.Release|x86.Build.0 = Release|Any CPU
		{D1C71271-F8D3-4842-8692-782DCA07F4BF}.Debug|Any CPU.ActiveCfg = Debug|Any CPU
		{D1C71271-F8D3-4842-8692-782DCA07F4BF}.Debug|Any CPU.Build.0 = Debug|Any CPU
		{D1C71271-F8D3-4842-8692-782DCA07F4BF}.Debug|x86.ActiveCfg = Debug|Any CPU
		{D1C71271-F8D3-4842-8692-782DCA07F4BF}.Debug|x86.Build.0 = Debug|Any CPU
		{D1C71271-F8D3-4842-8692-782DCA07F4BF}.Release|Any CPU.ActiveCfg = Release|Any CPU
		{D1C71271-F8D3-4842-8692-782DCA07F4BF}.Release|Any CPU.Build.0 = Release|Any CPU
		{D1C71271-F8D3-4842-8692-782DCA07F4BF}.Release|x86.ActiveCfg = Release|Any CPU
		{D1C71271-F8D3-4842-8692-782DCA07F4BF}.Release|x86.Build.0 = Release|Any CPU
		{BFF4D4B4-2028-49A6-B339-9B6D45773D0C}.Debug|Any CPU.ActiveCfg = Debug|Any CPU
		{BFF4D4B4-2028-49A6-B339-9B6D45773D0C}.Debug|Any CPU.Build.0 = Debug|Any CPU
		{BFF4D4B4-2028-49A6-B339-9B6D45773D0C}.Debug|x86.ActiveCfg = Debug|Any CPU
		{BFF4D4B4-2028-49A6-B339-9B6D45773D0C}.Debug|x86.Build.0 = Debug|Any CPU
		{BFF4D4B4-2028-49A6-B339-9B6D45773D0C}.Release|Any CPU.ActiveCfg = Release|Any CPU
		{BFF4D4B4-2028-49A6-B339-9B6D45773D0C}.Release|Any CPU.Build.0 = Release|Any CPU
		{BFF4D4B4-2028-49A6-B339-9B6D45773D0C}.Release|x86.ActiveCfg = Release|Any CPU
		{BFF4D4B4-2028-49A6-B339-9B6D45773D0C}.Release|x86.Build.0 = Release|Any CPU
		{734A1F98-0F92-4F1D-A101-6B198D40C996}.Debug|Any CPU.ActiveCfg = Debug|Any CPU
		{734A1F98-0F92-4F1D-A101-6B198D40C996}.Debug|Any CPU.Build.0 = Debug|Any CPU
		{734A1F98-0F92-4F1D-A101-6B198D40C996}.Debug|x86.ActiveCfg = Debug|Any CPU
		{734A1F98-0F92-4F1D-A101-6B198D40C996}.Debug|x86.Build.0 = Debug|Any CPU
		{734A1F98-0F92-4F1D-A101-6B198D40C996}.Release|Any CPU.ActiveCfg = Release|Any CPU
		{734A1F98-0F92-4F1D-A101-6B198D40C996}.Release|Any CPU.Build.0 = Release|Any CPU
		{734A1F98-0F92-4F1D-A101-6B198D40C996}.Release|x86.ActiveCfg = Release|Any CPU
		{734A1F98-0F92-4F1D-A101-6B198D40C996}.Release|x86.Build.0 = Release|Any CPU
		{09DBC4A3-E5EB-4339-B61B-6503E0B2FBB0}.Debug|Any CPU.ActiveCfg = Debug|Any CPU
		{09DBC4A3-E5EB-4339-B61B-6503E0B2FBB0}.Debug|Any CPU.Build.0 = Debug|Any CPU
		{09DBC4A3-E5EB-4339-B61B-6503E0B2FBB0}.Debug|x86.ActiveCfg = Debug|Any CPU
		{09DBC4A3-E5EB-4339-B61B-6503E0B2FBB0}.Debug|x86.Build.0 = Debug|Any CPU
		{09DBC4A3-E5EB-4339-B61B-6503E0B2FBB0}.Release|Any CPU.ActiveCfg = Release|Any CPU
		{09DBC4A3-E5EB-4339-B61B-6503E0B2FBB0}.Release|Any CPU.Build.0 = Release|Any CPU
		{09DBC4A3-E5EB-4339-B61B-6503E0B2FBB0}.Release|x86.ActiveCfg = Release|Any CPU
		{09DBC4A3-E5EB-4339-B61B-6503E0B2FBB0}.Release|x86.Build.0 = Release|Any CPU
		{A3743FE5-3C93-42F0-84D8-E7CC070EDC21}.Debug|Any CPU.ActiveCfg = Debug|Any CPU
		{A3743FE5-3C93-42F0-84D8-E7CC070EDC21}.Debug|Any CPU.Build.0 = Debug|Any CPU
		{A3743FE5-3C93-42F0-84D8-E7CC070EDC21}.Debug|x86.ActiveCfg = Debug|Any CPU
		{A3743FE5-3C93-42F0-84D8-E7CC070EDC21}.Debug|x86.Build.0 = Debug|Any CPU
		{A3743FE5-3C93-42F0-84D8-E7CC070EDC21}.Release|Any CPU.ActiveCfg = Release|Any CPU
		{A3743FE5-3C93-42F0-84D8-E7CC070EDC21}.Release|Any CPU.Build.0 = Release|Any CPU
		{A3743FE5-3C93-42F0-84D8-E7CC070EDC21}.Release|x86.ActiveCfg = Release|Any CPU
		{A3743FE5-3C93-42F0-84D8-E7CC070EDC21}.Release|x86.Build.0 = Release|Any CPU
		{6CE4A27C-28AE-4645-8792-5F8F73A9CDD8}.Debug|Any CPU.ActiveCfg = Debug|Any CPU
		{6CE4A27C-28AE-4645-8792-5F8F73A9CDD8}.Debug|Any CPU.Build.0 = Debug|Any CPU
		{6CE4A27C-28AE-4645-8792-5F8F73A9CDD8}.Debug|x86.ActiveCfg = Debug|Any CPU
		{6CE4A27C-28AE-4645-8792-5F8F73A9CDD8}.Debug|x86.Build.0 = Debug|Any CPU
		{6CE4A27C-28AE-4645-8792-5F8F73A9CDD8}.Release|Any CPU.ActiveCfg = Release|Any CPU
		{6CE4A27C-28AE-4645-8792-5F8F73A9CDD8}.Release|Any CPU.Build.0 = Release|Any CPU
		{6CE4A27C-28AE-4645-8792-5F8F73A9CDD8}.Release|x86.ActiveCfg = Release|Any CPU
		{6CE4A27C-28AE-4645-8792-5F8F73A9CDD8}.Release|x86.Build.0 = Release|Any CPU
		{B4A8174D-2CDB-4273-B602-5AA00A871DDF}.Debug|Any CPU.ActiveCfg = Debug|Any CPU
		{B4A8174D-2CDB-4273-B602-5AA00A871DDF}.Debug|Any CPU.Build.0 = Debug|Any CPU
		{B4A8174D-2CDB-4273-B602-5AA00A871DDF}.Debug|x86.ActiveCfg = Debug|Any CPU
		{B4A8174D-2CDB-4273-B602-5AA00A871DDF}.Debug|x86.Build.0 = Debug|Any CPU
		{B4A8174D-2CDB-4273-B602-5AA00A871DDF}.Release|Any CPU.ActiveCfg = Release|Any CPU
		{B4A8174D-2CDB-4273-B602-5AA00A871DDF}.Release|Any CPU.Build.0 = Release|Any CPU
		{B4A8174D-2CDB-4273-B602-5AA00A871DDF}.Release|x86.ActiveCfg = Release|Any CPU
		{B4A8174D-2CDB-4273-B602-5AA00A871DDF}.Release|x86.Build.0 = Release|Any CPU
		{E7D135AC-95CC-40C3-8B50-8EB943AA4DD0}.Debug|Any CPU.ActiveCfg = Debug|Any CPU
		{E7D135AC-95CC-40C3-8B50-8EB943AA4DD0}.Debug|Any CPU.Build.0 = Debug|Any CPU
		{E7D135AC-95CC-40C3-8B50-8EB943AA4DD0}.Debug|x86.ActiveCfg = Debug|Any CPU
		{E7D135AC-95CC-40C3-8B50-8EB943AA4DD0}.Debug|x86.Build.0 = Debug|Any CPU
		{E7D135AC-95CC-40C3-8B50-8EB943AA4DD0}.Release|Any CPU.ActiveCfg = Release|Any CPU
		{E7D135AC-95CC-40C3-8B50-8EB943AA4DD0}.Release|Any CPU.Build.0 = Release|Any CPU
		{E7D135AC-95CC-40C3-8B50-8EB943AA4DD0}.Release|x86.ActiveCfg = Release|Any CPU
		{E7D135AC-95CC-40C3-8B50-8EB943AA4DD0}.Release|x86.Build.0 = Release|Any CPU
		{7EF13E82-ED3F-4F7E-9ECC-7A6651B4E7F3}.Debug|Any CPU.ActiveCfg = Debug|Any CPU
		{7EF13E82-ED3F-4F7E-9ECC-7A6651B4E7F3}.Debug|Any CPU.Build.0 = Debug|Any CPU
		{7EF13E82-ED3F-4F7E-9ECC-7A6651B4E7F3}.Debug|x86.ActiveCfg = Debug|Any CPU
		{7EF13E82-ED3F-4F7E-9ECC-7A6651B4E7F3}.Debug|x86.Build.0 = Debug|Any CPU
		{7EF13E82-ED3F-4F7E-9ECC-7A6651B4E7F3}.Release|Any CPU.ActiveCfg = Release|Any CPU
		{7EF13E82-ED3F-4F7E-9ECC-7A6651B4E7F3}.Release|Any CPU.Build.0 = Release|Any CPU
		{7EF13E82-ED3F-4F7E-9ECC-7A6651B4E7F3}.Release|x86.ActiveCfg = Release|Any CPU
		{7EF13E82-ED3F-4F7E-9ECC-7A6651B4E7F3}.Release|x86.Build.0 = Release|Any CPU
		{8F6EBCEE-9965-4D17-9AA2-A00D63F8C18D}.Debug|Any CPU.ActiveCfg = Debug|Any CPU
		{8F6EBCEE-9965-4D17-9AA2-A00D63F8C18D}.Debug|Any CPU.Build.0 = Debug|Any CPU
		{8F6EBCEE-9965-4D17-9AA2-A00D63F8C18D}.Debug|x86.ActiveCfg = Debug|Any CPU
		{8F6EBCEE-9965-4D17-9AA2-A00D63F8C18D}.Debug|x86.Build.0 = Debug|Any CPU
		{8F6EBCEE-9965-4D17-9AA2-A00D63F8C18D}.Release|Any CPU.ActiveCfg = Release|Any CPU
		{8F6EBCEE-9965-4D17-9AA2-A00D63F8C18D}.Release|Any CPU.Build.0 = Release|Any CPU
		{8F6EBCEE-9965-4D17-9AA2-A00D63F8C18D}.Release|x86.ActiveCfg = Release|Any CPU
		{8F6EBCEE-9965-4D17-9AA2-A00D63F8C18D}.Release|x86.Build.0 = Release|Any CPU
		{B0F4378E-98D3-4420-A069-10873BA28199}.Debug|Any CPU.ActiveCfg = Debug|Any CPU
		{B0F4378E-98D3-4420-A069-10873BA28199}.Debug|Any CPU.Build.0 = Debug|Any CPU
		{B0F4378E-98D3-4420-A069-10873BA28199}.Debug|x86.ActiveCfg = Debug|Any CPU
		{B0F4378E-98D3-4420-A069-10873BA28199}.Debug|x86.Build.0 = Debug|Any CPU
		{B0F4378E-98D3-4420-A069-10873BA28199}.Release|Any CPU.ActiveCfg = Release|Any CPU
		{B0F4378E-98D3-4420-A069-10873BA28199}.Release|Any CPU.Build.0 = Release|Any CPU
		{B0F4378E-98D3-4420-A069-10873BA28199}.Release|x86.ActiveCfg = Release|Any CPU
		{B0F4378E-98D3-4420-A069-10873BA28199}.Release|x86.Build.0 = Release|Any CPU
		{8F2B3635-555F-4C62-858F-6F4EDB0924EB}.Debug|Any CPU.ActiveCfg = Debug|Any CPU
		{8F2B3635-555F-4C62-858F-6F4EDB0924EB}.Debug|Any CPU.Build.0 = Debug|Any CPU
		{8F2B3635-555F-4C62-858F-6F4EDB0924EB}.Debug|x86.ActiveCfg = Debug|Any CPU
		{8F2B3635-555F-4C62-858F-6F4EDB0924EB}.Debug|x86.Build.0 = Debug|Any CPU
		{8F2B3635-555F-4C62-858F-6F4EDB0924EB}.Release|Any CPU.ActiveCfg = Release|Any CPU
		{8F2B3635-555F-4C62-858F-6F4EDB0924EB}.Release|Any CPU.Build.0 = Release|Any CPU
		{8F2B3635-555F-4C62-858F-6F4EDB0924EB}.Release|x86.ActiveCfg = Release|Any CPU
		{8F2B3635-555F-4C62-858F-6F4EDB0924EB}.Release|x86.Build.0 = Release|Any CPU
		{4F77EC5E-C988-4CF6-945D-5286A9935913}.Debug|Any CPU.ActiveCfg = Debug|Any CPU
		{4F77EC5E-C988-4CF6-945D-5286A9935913}.Debug|Any CPU.Build.0 = Debug|Any CPU
		{4F77EC5E-C988-4CF6-945D-5286A9935913}.Debug|x86.ActiveCfg = Debug|Any CPU
		{4F77EC5E-C988-4CF6-945D-5286A9935913}.Debug|x86.Build.0 = Debug|Any CPU
		{4F77EC5E-C988-4CF6-945D-5286A9935913}.Release|Any CPU.ActiveCfg = Release|Any CPU
		{4F77EC5E-C988-4CF6-945D-5286A9935913}.Release|Any CPU.Build.0 = Release|Any CPU
		{4F77EC5E-C988-4CF6-945D-5286A9935913}.Release|x86.ActiveCfg = Release|Any CPU
		{4F77EC5E-C988-4CF6-945D-5286A9935913}.Release|x86.Build.0 = Release|Any CPU
		{FD00A72E-C899-4D45-9D9A-F5A1745ED9AD}.Debug|Any CPU.ActiveCfg = Debug|Any CPU
		{FD00A72E-C899-4D45-9D9A-F5A1745ED9AD}.Debug|Any CPU.Build.0 = Debug|Any CPU
		{FD00A72E-C899-4D45-9D9A-F5A1745ED9AD}.Debug|x86.ActiveCfg = Debug|Any CPU
		{FD00A72E-C899-4D45-9D9A-F5A1745ED9AD}.Debug|x86.Build.0 = Debug|Any CPU
		{FD00A72E-C899-4D45-9D9A-F5A1745ED9AD}.Release|Any CPU.ActiveCfg = Release|Any CPU
		{FD00A72E-C899-4D45-9D9A-F5A1745ED9AD}.Release|Any CPU.Build.0 = Release|Any CPU
		{FD00A72E-C899-4D45-9D9A-F5A1745ED9AD}.Release|x86.ActiveCfg = Release|Any CPU
		{FD00A72E-C899-4D45-9D9A-F5A1745ED9AD}.Release|x86.Build.0 = Release|Any CPU
		{9A677573-92F4-44F5-884F-33AD17ECD5FA}.Debug|Any CPU.ActiveCfg = Debug|Any CPU
		{9A677573-92F4-44F5-884F-33AD17ECD5FA}.Debug|Any CPU.Build.0 = Debug|Any CPU
		{9A677573-92F4-44F5-884F-33AD17ECD5FA}.Debug|x86.ActiveCfg = Debug|Any CPU
		{9A677573-92F4-44F5-884F-33AD17ECD5FA}.Debug|x86.Build.0 = Debug|Any CPU
		{9A677573-92F4-44F5-884F-33AD17ECD5FA}.Release|Any CPU.ActiveCfg = Release|Any CPU
		{9A677573-92F4-44F5-884F-33AD17ECD5FA}.Release|Any CPU.Build.0 = Release|Any CPU
		{9A677573-92F4-44F5-884F-33AD17ECD5FA}.Release|x86.ActiveCfg = Release|Any CPU
		{9A677573-92F4-44F5-884F-33AD17ECD5FA}.Release|x86.Build.0 = Release|Any CPU
		{D9065743-140F-4C4B-9EEB-141368AE9E09}.Debug|Any CPU.ActiveCfg = Debug|Any CPU
		{D9065743-140F-4C4B-9EEB-141368AE9E09}.Debug|Any CPU.Build.0 = Debug|Any CPU
		{D9065743-140F-4C4B-9EEB-141368AE9E09}.Debug|x86.ActiveCfg = Debug|Any CPU
		{D9065743-140F-4C4B-9EEB-141368AE9E09}.Debug|x86.Build.0 = Debug|Any CPU
		{D9065743-140F-4C4B-9EEB-141368AE9E09}.Release|Any CPU.ActiveCfg = Release|Any CPU
		{D9065743-140F-4C4B-9EEB-141368AE9E09}.Release|Any CPU.Build.0 = Release|Any CPU
		{D9065743-140F-4C4B-9EEB-141368AE9E09}.Release|x86.ActiveCfg = Release|Any CPU
		{D9065743-140F-4C4B-9EEB-141368AE9E09}.Release|x86.Build.0 = Release|Any CPU
		{C72EBE4E-FBA9-407F-A09C-AE2F482ED4A7}.Debug|Any CPU.ActiveCfg = Debug|Any CPU
		{C72EBE4E-FBA9-407F-A09C-AE2F482ED4A7}.Debug|Any CPU.Build.0 = Debug|Any CPU
		{C72EBE4E-FBA9-407F-A09C-AE2F482ED4A7}.Debug|x86.ActiveCfg = Debug|Any CPU
		{C72EBE4E-FBA9-407F-A09C-AE2F482ED4A7}.Debug|x86.Build.0 = Debug|Any CPU
		{C72EBE4E-FBA9-407F-A09C-AE2F482ED4A7}.Release|Any CPU.ActiveCfg = Release|Any CPU
		{C72EBE4E-FBA9-407F-A09C-AE2F482ED4A7}.Release|Any CPU.Build.0 = Release|Any CPU
		{C72EBE4E-FBA9-407F-A09C-AE2F482ED4A7}.Release|x86.ActiveCfg = Release|Any CPU
		{C72EBE4E-FBA9-407F-A09C-AE2F482ED4A7}.Release|x86.Build.0 = Release|Any CPU
		{BFF0F61D-5BB7-4B07-AB93-7DAFB96B55C0}.Debug|Any CPU.ActiveCfg = Debug|Any CPU
		{BFF0F61D-5BB7-4B07-AB93-7DAFB96B55C0}.Debug|Any CPU.Build.0 = Debug|Any CPU
		{BFF0F61D-5BB7-4B07-AB93-7DAFB96B55C0}.Debug|x86.ActiveCfg = Debug|Any CPU
		{BFF0F61D-5BB7-4B07-AB93-7DAFB96B55C0}.Debug|x86.Build.0 = Debug|Any CPU
		{BFF0F61D-5BB7-4B07-AB93-7DAFB96B55C0}.Release|Any CPU.ActiveCfg = Release|Any CPU
		{BFF0F61D-5BB7-4B07-AB93-7DAFB96B55C0}.Release|Any CPU.Build.0 = Release|Any CPU
		{BFF0F61D-5BB7-4B07-AB93-7DAFB96B55C0}.Release|x86.ActiveCfg = Release|Any CPU
		{BFF0F61D-5BB7-4B07-AB93-7DAFB96B55C0}.Release|x86.Build.0 = Release|Any CPU
		{06D6F7D8-8431-493C-8F6F-E87291637C4B}.Debug|Any CPU.ActiveCfg = Debug|Any CPU
		{06D6F7D8-8431-493C-8F6F-E87291637C4B}.Debug|Any CPU.Build.0 = Debug|Any CPU
		{06D6F7D8-8431-493C-8F6F-E87291637C4B}.Debug|x86.ActiveCfg = Debug|Any CPU
		{06D6F7D8-8431-493C-8F6F-E87291637C4B}.Debug|x86.Build.0 = Debug|Any CPU
		{06D6F7D8-8431-493C-8F6F-E87291637C4B}.Release|Any CPU.ActiveCfg = Release|Any CPU
		{06D6F7D8-8431-493C-8F6F-E87291637C4B}.Release|Any CPU.Build.0 = Release|Any CPU
		{06D6F7D8-8431-493C-8F6F-E87291637C4B}.Release|x86.ActiveCfg = Release|Any CPU
		{06D6F7D8-8431-493C-8F6F-E87291637C4B}.Release|x86.Build.0 = Release|Any CPU
		{36F9B54B-D433-480A-9D6C-8356304A810A}.Debug|Any CPU.ActiveCfg = Debug|Any CPU
		{36F9B54B-D433-480A-9D6C-8356304A810A}.Debug|Any CPU.Build.0 = Debug|Any CPU
		{36F9B54B-D433-480A-9D6C-8356304A810A}.Debug|x86.ActiveCfg = Debug|Any CPU
		{36F9B54B-D433-480A-9D6C-8356304A810A}.Debug|x86.Build.0 = Debug|Any CPU
		{36F9B54B-D433-480A-9D6C-8356304A810A}.Release|Any CPU.ActiveCfg = Release|Any CPU
		{36F9B54B-D433-480A-9D6C-8356304A810A}.Release|Any CPU.Build.0 = Release|Any CPU
		{36F9B54B-D433-480A-9D6C-8356304A810A}.Release|x86.ActiveCfg = Release|Any CPU
		{36F9B54B-D433-480A-9D6C-8356304A810A}.Release|x86.Build.0 = Release|Any CPU
		{C913AE3F-3560-48A4-8678-C121054E2186}.Debug|Any CPU.ActiveCfg = Debug|Any CPU
		{C913AE3F-3560-48A4-8678-C121054E2186}.Debug|Any CPU.Build.0 = Debug|Any CPU
		{C913AE3F-3560-48A4-8678-C121054E2186}.Debug|x86.ActiveCfg = Debug|Any CPU
		{C913AE3F-3560-48A4-8678-C121054E2186}.Debug|x86.Build.0 = Debug|Any CPU
		{C913AE3F-3560-48A4-8678-C121054E2186}.Release|Any CPU.ActiveCfg = Release|Any CPU
		{C913AE3F-3560-48A4-8678-C121054E2186}.Release|Any CPU.Build.0 = Release|Any CPU
		{C913AE3F-3560-48A4-8678-C121054E2186}.Release|x86.ActiveCfg = Release|Any CPU
		{C913AE3F-3560-48A4-8678-C121054E2186}.Release|x86.Build.0 = Release|Any CPU
		{1ABEF500-120B-4A45-BF8C-55FA875786D8}.Debug|Any CPU.ActiveCfg = Debug|Any CPU
		{1ABEF500-120B-4A45-BF8C-55FA875786D8}.Debug|Any CPU.Build.0 = Debug|Any CPU
		{1ABEF500-120B-4A45-BF8C-55FA875786D8}.Debug|x86.ActiveCfg = Debug|Any CPU
		{1ABEF500-120B-4A45-BF8C-55FA875786D8}.Debug|x86.Build.0 = Debug|Any CPU
		{1ABEF500-120B-4A45-BF8C-55FA875786D8}.Release|Any CPU.ActiveCfg = Release|Any CPU
		{1ABEF500-120B-4A45-BF8C-55FA875786D8}.Release|Any CPU.Build.0 = Release|Any CPU
		{1ABEF500-120B-4A45-BF8C-55FA875786D8}.Release|x86.ActiveCfg = Release|Any CPU
		{1ABEF500-120B-4A45-BF8C-55FA875786D8}.Release|x86.Build.0 = Release|Any CPU
		{11814CE9-635A-468E-884D-DD4DF57BA471}.Debug|Any CPU.ActiveCfg = Debug|Any CPU
		{11814CE9-635A-468E-884D-DD4DF57BA471}.Debug|Any CPU.Build.0 = Debug|Any CPU
		{11814CE9-635A-468E-884D-DD4DF57BA471}.Debug|x86.ActiveCfg = Debug|Any CPU
		{11814CE9-635A-468E-884D-DD4DF57BA471}.Debug|x86.Build.0 = Debug|Any CPU
		{11814CE9-635A-468E-884D-DD4DF57BA471}.Release|Any CPU.ActiveCfg = Release|Any CPU
		{11814CE9-635A-468E-884D-DD4DF57BA471}.Release|Any CPU.Build.0 = Release|Any CPU
		{11814CE9-635A-468E-884D-DD4DF57BA471}.Release|x86.ActiveCfg = Release|Any CPU
		{11814CE9-635A-468E-884D-DD4DF57BA471}.Release|x86.Build.0 = Release|Any CPU
		{C9B3A853-5842-49D7-AE7B-16A6A1A637CE}.Debug|Any CPU.ActiveCfg = Debug|Any CPU
		{C9B3A853-5842-49D7-AE7B-16A6A1A637CE}.Debug|Any CPU.Build.0 = Debug|Any CPU
		{C9B3A853-5842-49D7-AE7B-16A6A1A637CE}.Debug|x86.ActiveCfg = Debug|Any CPU
		{C9B3A853-5842-49D7-AE7B-16A6A1A637CE}.Debug|x86.Build.0 = Debug|Any CPU
		{C9B3A853-5842-49D7-AE7B-16A6A1A637CE}.Release|Any CPU.ActiveCfg = Release|Any CPU
		{C9B3A853-5842-49D7-AE7B-16A6A1A637CE}.Release|Any CPU.Build.0 = Release|Any CPU
		{C9B3A853-5842-49D7-AE7B-16A6A1A637CE}.Release|x86.ActiveCfg = Release|Any CPU
		{C9B3A853-5842-49D7-AE7B-16A6A1A637CE}.Release|x86.Build.0 = Release|Any CPU
		{D8DCDB53-E1C3-48E2-BF87-132CD102F2E7}.Debug|Any CPU.ActiveCfg = Debug|Any CPU
		{D8DCDB53-E1C3-48E2-BF87-132CD102F2E7}.Debug|Any CPU.Build.0 = Debug|Any CPU
		{D8DCDB53-E1C3-48E2-BF87-132CD102F2E7}.Debug|x86.ActiveCfg = Debug|Any CPU
		{D8DCDB53-E1C3-48E2-BF87-132CD102F2E7}.Debug|x86.Build.0 = Debug|Any CPU
		{D8DCDB53-E1C3-48E2-BF87-132CD102F2E7}.Release|Any CPU.ActiveCfg = Release|Any CPU
		{D8DCDB53-E1C3-48E2-BF87-132CD102F2E7}.Release|Any CPU.Build.0 = Release|Any CPU
		{D8DCDB53-E1C3-48E2-BF87-132CD102F2E7}.Release|x86.ActiveCfg = Release|Any CPU
		{D8DCDB53-E1C3-48E2-BF87-132CD102F2E7}.Release|x86.Build.0 = Release|Any CPU
		{7095F5EF-CA19-4095-98B5-B3BFA42E548F}.Debug|Any CPU.ActiveCfg = Debug|Any CPU
		{7095F5EF-CA19-4095-98B5-B3BFA42E548F}.Debug|Any CPU.Build.0 = Debug|Any CPU
		{7095F5EF-CA19-4095-98B5-B3BFA42E548F}.Debug|x86.ActiveCfg = Debug|Any CPU
		{7095F5EF-CA19-4095-98B5-B3BFA42E548F}.Debug|x86.Build.0 = Debug|Any CPU
		{7095F5EF-CA19-4095-98B5-B3BFA42E548F}.Release|Any CPU.ActiveCfg = Release|Any CPU
		{7095F5EF-CA19-4095-98B5-B3BFA42E548F}.Release|Any CPU.Build.0 = Release|Any CPU
		{7095F5EF-CA19-4095-98B5-B3BFA42E548F}.Release|x86.ActiveCfg = Release|Any CPU
		{7095F5EF-CA19-4095-98B5-B3BFA42E548F}.Release|x86.Build.0 = Release|Any CPU
		{E84381CF-2796-408A-ADBA-3FF62091DE99}.Debug|Any CPU.ActiveCfg = Debug|Any CPU
		{E84381CF-2796-408A-ADBA-3FF62091DE99}.Debug|Any CPU.Build.0 = Debug|Any CPU
		{E84381CF-2796-408A-ADBA-3FF62091DE99}.Debug|x86.ActiveCfg = Debug|Any CPU
		{E84381CF-2796-408A-ADBA-3FF62091DE99}.Debug|x86.Build.0 = Debug|Any CPU
		{E84381CF-2796-408A-ADBA-3FF62091DE99}.Release|Any CPU.ActiveCfg = Release|Any CPU
		{E84381CF-2796-408A-ADBA-3FF62091DE99}.Release|Any CPU.Build.0 = Release|Any CPU
		{E84381CF-2796-408A-ADBA-3FF62091DE99}.Release|x86.ActiveCfg = Release|Any CPU
		{E84381CF-2796-408A-ADBA-3FF62091DE99}.Release|x86.Build.0 = Release|Any CPU
		{4EC780FA-40DE-40BE-B6A5-00BE547C921C}.Debug|Any CPU.ActiveCfg = Debug|Any CPU
		{4EC780FA-40DE-40BE-B6A5-00BE547C921C}.Debug|Any CPU.Build.0 = Debug|Any CPU
		{4EC780FA-40DE-40BE-B6A5-00BE547C921C}.Debug|x86.ActiveCfg = Debug|Any CPU
		{4EC780FA-40DE-40BE-B6A5-00BE547C921C}.Debug|x86.Build.0 = Debug|Any CPU
		{4EC780FA-40DE-40BE-B6A5-00BE547C921C}.Release|Any CPU.ActiveCfg = Release|Any CPU
		{4EC780FA-40DE-40BE-B6A5-00BE547C921C}.Release|Any CPU.Build.0 = Release|Any CPU
		{4EC780FA-40DE-40BE-B6A5-00BE547C921C}.Release|x86.ActiveCfg = Release|Any CPU
		{4EC780FA-40DE-40BE-B6A5-00BE547C921C}.Release|x86.Build.0 = Release|Any CPU
		{DACC580F-2DBA-4A1E-850F-52A2F2C1C4A7}.Debug|Any CPU.ActiveCfg = Debug|Any CPU
		{DACC580F-2DBA-4A1E-850F-52A2F2C1C4A7}.Debug|Any CPU.Build.0 = Debug|Any CPU
		{DACC580F-2DBA-4A1E-850F-52A2F2C1C4A7}.Debug|x86.ActiveCfg = Debug|Any CPU
		{DACC580F-2DBA-4A1E-850F-52A2F2C1C4A7}.Debug|x86.Build.0 = Debug|Any CPU
		{DACC580F-2DBA-4A1E-850F-52A2F2C1C4A7}.Release|Any CPU.ActiveCfg = Release|Any CPU
		{DACC580F-2DBA-4A1E-850F-52A2F2C1C4A7}.Release|Any CPU.Build.0 = Release|Any CPU
		{DACC580F-2DBA-4A1E-850F-52A2F2C1C4A7}.Release|x86.ActiveCfg = Release|Any CPU
		{DACC580F-2DBA-4A1E-850F-52A2F2C1C4A7}.Release|x86.Build.0 = Release|Any CPU
		{2BBEBFCE-D051-4EF8-B2BC-3FCF23C2A1C3}.Debug|Any CPU.ActiveCfg = Debug|Any CPU
		{2BBEBFCE-D051-4EF8-B2BC-3FCF23C2A1C3}.Debug|Any CPU.Build.0 = Debug|Any CPU
		{2BBEBFCE-D051-4EF8-B2BC-3FCF23C2A1C3}.Debug|x86.ActiveCfg = Debug|Any CPU
		{2BBEBFCE-D051-4EF8-B2BC-3FCF23C2A1C3}.Debug|x86.Build.0 = Debug|Any CPU
		{2BBEBFCE-D051-4EF8-B2BC-3FCF23C2A1C3}.Release|Any CPU.ActiveCfg = Release|Any CPU
		{2BBEBFCE-D051-4EF8-B2BC-3FCF23C2A1C3}.Release|Any CPU.Build.0 = Release|Any CPU
		{2BBEBFCE-D051-4EF8-B2BC-3FCF23C2A1C3}.Release|x86.ActiveCfg = Release|Any CPU
		{2BBEBFCE-D051-4EF8-B2BC-3FCF23C2A1C3}.Release|x86.Build.0 = Release|Any CPU
		{73985483-9D35-40CE-AEC8-DEA75C6D6901}.Debug|Any CPU.ActiveCfg = Debug|Any CPU
		{73985483-9D35-40CE-AEC8-DEA75C6D6901}.Debug|Any CPU.Build.0 = Debug|Any CPU
		{73985483-9D35-40CE-AEC8-DEA75C6D6901}.Debug|x86.ActiveCfg = Debug|Any CPU
		{73985483-9D35-40CE-AEC8-DEA75C6D6901}.Debug|x86.Build.0 = Debug|Any CPU
		{73985483-9D35-40CE-AEC8-DEA75C6D6901}.Release|Any CPU.ActiveCfg = Release|Any CPU
		{73985483-9D35-40CE-AEC8-DEA75C6D6901}.Release|Any CPU.Build.0 = Release|Any CPU
		{73985483-9D35-40CE-AEC8-DEA75C6D6901}.Release|x86.ActiveCfg = Release|Any CPU
		{73985483-9D35-40CE-AEC8-DEA75C6D6901}.Release|x86.Build.0 = Release|Any CPU
		{D4FE7B06-5855-49EC-86F7-90E52CC876F4}.Debug|Any CPU.ActiveCfg = Debug|Any CPU
		{D4FE7B06-5855-49EC-86F7-90E52CC876F4}.Debug|Any CPU.Build.0 = Debug|Any CPU
		{D4FE7B06-5855-49EC-86F7-90E52CC876F4}.Debug|x86.ActiveCfg = Debug|Any CPU
		{D4FE7B06-5855-49EC-86F7-90E52CC876F4}.Debug|x86.Build.0 = Debug|Any CPU
		{D4FE7B06-5855-49EC-86F7-90E52CC876F4}.Release|Any CPU.ActiveCfg = Release|Any CPU
		{D4FE7B06-5855-49EC-86F7-90E52CC876F4}.Release|Any CPU.Build.0 = Release|Any CPU
		{D4FE7B06-5855-49EC-86F7-90E52CC876F4}.Release|x86.ActiveCfg = Release|Any CPU
		{D4FE7B06-5855-49EC-86F7-90E52CC876F4}.Release|x86.Build.0 = Release|Any CPU
		{A54B4206-EBC5-4FC2-8191-EFDC8C12D825}.Debug|Any CPU.ActiveCfg = Debug|Any CPU
		{A54B4206-EBC5-4FC2-8191-EFDC8C12D825}.Debug|Any CPU.Build.0 = Debug|Any CPU
		{A54B4206-EBC5-4FC2-8191-EFDC8C12D825}.Debug|x86.ActiveCfg = Debug|Any CPU
		{A54B4206-EBC5-4FC2-8191-EFDC8C12D825}.Debug|x86.Build.0 = Debug|Any CPU
		{A54B4206-EBC5-4FC2-8191-EFDC8C12D825}.Release|Any CPU.ActiveCfg = Release|Any CPU
		{A54B4206-EBC5-4FC2-8191-EFDC8C12D825}.Release|Any CPU.Build.0 = Release|Any CPU
		{A54B4206-EBC5-4FC2-8191-EFDC8C12D825}.Release|x86.ActiveCfg = Release|Any CPU
		{A54B4206-EBC5-4FC2-8191-EFDC8C12D825}.Release|x86.Build.0 = Release|Any CPU
		{6CDF9955-1D13-492B-97B7-76FC1D03B561}.Debug|Any CPU.ActiveCfg = Debug|Any CPU
		{6CDF9955-1D13-492B-97B7-76FC1D03B561}.Debug|Any CPU.Build.0 = Debug|Any CPU
		{6CDF9955-1D13-492B-97B7-76FC1D03B561}.Debug|x86.ActiveCfg = Debug|Any CPU
		{6CDF9955-1D13-492B-97B7-76FC1D03B561}.Debug|x86.Build.0 = Debug|Any CPU
		{6CDF9955-1D13-492B-97B7-76FC1D03B561}.Release|Any CPU.ActiveCfg = Release|Any CPU
		{6CDF9955-1D13-492B-97B7-76FC1D03B561}.Release|Any CPU.Build.0 = Release|Any CPU
		{6CDF9955-1D13-492B-97B7-76FC1D03B561}.Release|x86.ActiveCfg = Release|Any CPU
		{6CDF9955-1D13-492B-97B7-76FC1D03B561}.Release|x86.Build.0 = Release|Any CPU
		{02C8F0C4-4C08-43E5-9860-50069E3F6CD6}.Debug|Any CPU.ActiveCfg = Debug|Any CPU
		{02C8F0C4-4C08-43E5-9860-50069E3F6CD6}.Debug|Any CPU.Build.0 = Debug|Any CPU
		{02C8F0C4-4C08-43E5-9860-50069E3F6CD6}.Debug|x86.ActiveCfg = Debug|Any CPU
		{02C8F0C4-4C08-43E5-9860-50069E3F6CD6}.Debug|x86.Build.0 = Debug|Any CPU
		{02C8F0C4-4C08-43E5-9860-50069E3F6CD6}.Release|Any CPU.ActiveCfg = Release|Any CPU
		{02C8F0C4-4C08-43E5-9860-50069E3F6CD6}.Release|Any CPU.Build.0 = Release|Any CPU
		{02C8F0C4-4C08-43E5-9860-50069E3F6CD6}.Release|x86.ActiveCfg = Release|Any CPU
		{02C8F0C4-4C08-43E5-9860-50069E3F6CD6}.Release|x86.Build.0 = Release|Any CPU
	EndGlobalSection
	GlobalSection(SolutionProperties) = preSolution
		HideSolutionNode = FALSE
	EndGlobalSection
	GlobalSection(ExtensibilityGlobals) = postSolution
		SolutionGuid = {C945EBB5-9431-4B86-831C-3446D0955C8F}
	EndGlobalSection
EndGlobal
