
Microsoft Visual Studio Solution File, Format Version 12.00
# Visual Studio Version 16
VisualStudioVersion = 16.0.31729.503
MinimumVisualStudioVersion = 10.0.40219.1
Project("{9A19103F-16F7-4668-BE54-9A1E7A4F7556}") = "APICAJ008002", "APICAJ008002\APICAJ008002.csproj", "{C55A78C7-2683-4D1D-B003-419F64BF267A}"
EndProject
Project("{9A19103F-16F7-4668-BE54-9A1E7A4F7556}") = "CONTICREDENVIO", "CONTICREDENVIO\CONTICREDENVIO.csproj", "{9E926ED3-B896-42C3-8947-1BD50F200F5F}"
EndProject
Project("{9A19103F-16F7-4668-BE54-9A1E7A4F7556}") = "DSAC003", "DSAC003001\DSAC003.csproj", "{96BD1952-3FFA-49B3-AB7D-FD7B79382948}"
EndProject
Project("{9A19103F-16F7-4668-BE54-9A1E7A4F7556}") = "ICAJ001.api", "ICAJ001.api\ICAJ001.api.csproj", "{12AABDA3-C7D3-4BB1-A1F1-609E4A0D244A}"
EndProject
Project("{9A19103F-16F7-4668-BE54-9A1E7A4F7556}") = "ICAJ002.api", "ICAJ002.api\ICAJ002.api.csproj", "{EA7E8878-C1D5-420B-AA45-C5D460EDCB77}"
EndProject
Project("{9A19103F-16F7-4668-BE54-9A1E7A4F7556}") = "ICAJ005.api", "ICAJ005.api\ICAJ005.api.csproj", "{73A21683-8C4C-4019-9FD9-C1C293940ADA}"
EndProject
Project("{9A19103F-16F7-4668-BE54-9A1E7A4F7556}") = "ICAJ008.api", "ICAJ008\ICAJ008.api.csproj", "{44E4363A-EE70-4658-8291-EACC16A662C0}"
EndProject
Project("{9A19103F-16F7-4668-BE54-9A1E7A4F7556}") = "ICAJ009.api", "ICAJ009.api\ICAJ009.api.csproj", "{C70EFFEC-0DF4-415D-AAE7-B064AF30CFB9}"
EndProject
Project("{9A19103F-16F7-4668-BE54-9A1E7A4F7556}") = "ICAJ011", "ICAJ011\ICAJ011.csproj", "{CF849F60-02BB-4250-B140-66EB79D1EE7D}"
EndProject
Project("{9A19103F-16F7-4668-BE54-9A1E7A4F7556}") = "ICAJ012.api", "ICAJ012\ICAJ012.api.csproj", "{BAF0C220-3738-431E-9BC2-FEEE8B01C876}"
EndProject
Project("{9A19103F-16F7-4668-BE54-9A1E7A4F7556}") = "ICAJ019.api", "ICAJ019.api\ICAJ019.api.csproj", "{C7CEF91D-1D7B-452F-9A54-98D77C4B2359}"
EndProject
Project("{9A19103F-16F7-4668-BE54-9A1E7A4F7556}") = "ICAJ020.api", "ICAJ020.api\ICAJ020.api.csproj", "{58EB1812-FB9D-42B9-A658-D5F16C1923D8}"
EndProject
Project("{9A19103F-16F7-4668-BE54-9A1E7A4F7556}") = "ICAJ023.api", "ICAJ023.api\ICAJ023.api.csproj", "{EE7271B6-8D8C-4BB0-BC86-FAAA305D654F}"
EndProject
Project("{9A19103F-16F7-4668-BE54-9A1E7A4F7556}") = "ICAJ026.api", "ICAJ026.api\ICAJ026.api.csproj", "{42BE7BB4-0198-4A79-BA46-743E0EE76B62}"
EndProject
Project("{9A19103F-16F7-4668-BE54-9A1E7A4F7556}") = "ICOB003.api", "ICOB003.api\ICOB003.api.csproj", "{D9CD346B-774E-49F0-A8C8-791367A40D83}"
EndProject
Project("{9A19103F-16F7-4668-BE54-9A1E7A4F7556}") = "ICOB004.api", "ICOB004.api\ICOB004.api.csproj", "{C5F32276-A864-4DAB-B34F-D965A64DDB3C}"
EndProject
Project("{9A19103F-16F7-4668-BE54-9A1E7A4F7556}") = "ICOB006", "ICOB006\ICOB006.csproj", "{2ED24445-136B-419B-8E82-83902C2DE653}"
EndProject
Project("{9A19103F-16F7-4668-BE54-9A1E7A4F7556}") = "ICOB007", "ICOB007\ICOB007.csproj", "{811BC31E-B585-4D96-8FBC-F963DF2738ED}"
EndProject
Project("{9A19103F-16F7-4668-BE54-9A1E7A4F7556}") = "ICRE007.api", "ICRE007.api\ICRE007.api.csproj", "{B2815959-E972-46B7-B3D1-DCA00E061CE4}"
EndProject
Project("{9A19103F-16F7-4668-BE54-9A1E7A4F7556}") = "ICRE012.api", "ICRE012.api\ICRE012.api.csproj", "{418064F7-4155-4ED6-BA3A-626AD8285B93}"
EndProject
Project("{9A19103F-16F7-4668-BE54-9A1E7A4F7556}") = "IPRO005.api", "IPRO005.api\IPRO005.api.csproj", "{47D497FC-C229-4C35-91E3-15F7344D34CA}"
EndProject
Project("{9A19103F-16F7-4668-BE54-9A1E7A4F7556}") = "IPRO007.api", "IPRO007.api\IPRO007.api.csproj", "{0B98CAF1-36E7-47DE-972E-42CF447A6D91}"
EndProject
Project("{9A19103F-16F7-4668-BE54-9A1E7A4F7556}") = "ISAC001.api", "ISAC001.api\ISAC001.api.csproj", "{43D6387F-660C-47D5-84C2-0BC4494A13D5}"
EndProject
Project("{9A19103F-16F7-4668-BE54-9A1E7A4F7556}") = "ISAC017", "ISAC017\ISAC017.csproj", "{6A60A338-CE3F-4886-A67A-744FFA8115F7}"
EndProject
Project("{9A19103F-16F7-4668-BE54-9A1E7A4F7556}") = "ISAC017.api", "ISAC017.api\ISAC017.api.csproj", "{1F377D3C-0DA4-4818-B126-9EE612C7388C}"
EndProject
Project("{9A19103F-16F7-4668-BE54-9A1E7A4F7556}") = "ISAC018", "ISAC018\ISAC018.csproj", "{0CC37289-F7D6-4998-A719-C7BAFB7035C8}"
EndProject
Project("{9A19103F-16F7-4668-BE54-9A1E7A4F7556}") = "ITES001", "ITES001\ITES001.csproj", "{2BA73317-D120-4927-80AE-72BFE998823D}"
EndProject
Project("{9A19103F-16F7-4668-BE54-9A1E7A4F7556}") = "IVTA004.api", "IVTA004.api\IVTA004.api.csproj", "{F504F937-A087-4505-9456-C3A1633866C5}"
EndProject
Project("{9A19103F-16F7-4668-BE54-9A1E7A4F7556}") = "IVTA005.api", "IVTA005.api\IVTA005.api.csproj", "{EBF46DAD-26DD-44D0-ADD8-BCDD2FB78237}"
EndProject
Project("{9A19103F-16F7-4668-BE54-9A1E7A4F7556}") = "IVTA009.api", "IVTA009.api\IVTA009.api.csproj", "{1869519B-5816-42DD-BBFD-D126E2097749}"
EndProject
Project("{9A19103F-16F7-4668-BE54-9A1E7A4F7556}") = "IVTA010", "IVTA010\IVTA010.csproj", "{0787FEED-7A3F-4300-AF71-ACE58AC77B7D}"
EndProject
Project("{9A19103F-16F7-4668-BE54-9A1E7A4F7556}") = "IVTA011", "IVTA011\IVTA011.csproj", "{39900BFA-4487-4BD2-A721-6D356DC0BA71}"
EndProject
Project("{9A19103F-16F7-4668-BE54-9A1E7A4F7556}") = "IVTA014", "IVTA014\IVTA014.csproj", "{B7D082E5-2AC0-4A42-9B2F-E0768B6F486A}"
EndProject
Project("{9A19103F-16F7-4668-BE54-9A1E7A4F7556}") = "IVTA018.api", "IVTA018.api\IVTA018.api\IVTA018.api.csproj", "{4D6380C1-3FE4-47E2-B186-0F05DA4EB768}"
EndProject
Project("{9A19103F-16F7-4668-BE54-9A1E7A4F7556}") = "IVTA018_02", "IVTA018.api\IVTA018_02\IVTA018_02.csproj", "{F2FD6F6B-C984-4FCD-9E23-87790A52C657}"
EndProject
Project("{FAE04EC0-301F-11D3-BF4B-00C04F79EFBC}") = "IVTA018WS", "IVTA018.api\IVTA018WS\IVTA018WS.csproj", "{924DD5BD-AC7C-40B5-A64B-FFB3AA5DD292}"
EndProject
Project("{9A19103F-16F7-4668-BE54-9A1E7A4F7556}") = "IVTA019.api", "IVTA019.api\IVTA019.api\IVTA019.api.csproj", "{E0823581-22BD-4214-817F-6DC177D19871}"
EndProject
Project("{9A19103F-16F7-4668-BE54-9A1E7A4F7556}") = "IVTA017", "IVTA017\IVTA017\IVTA017\IVTA017.csproj", "{9C527E3B-14B7-4F9B-B8E3-1CAEDD2835A1}"
EndProject
Global
	GlobalSection(SolutionConfigurationPlatforms) = preSolution
		Debug|Any CPU = Debug|Any CPU
		Debug|x86 = Debug|x86
		Release|Any CPU = Release|Any CPU
		Release|x86 = Release|x86
	EndGlobalSection
	GlobalSection(ProjectConfigurationPlatforms) = postSolution
		{C55A78C7-2683-4D1D-B003-419F64BF267A}.Debug|Any CPU.ActiveCfg = Debug|Any CPU
		{C55A78C7-2683-4D1D-B003-419F64BF267A}.Debug|Any CPU.Build.0 = Debug|Any CPU
		{C55A78C7-2683-4D1D-B003-419F64BF267A}.Debug|x86.ActiveCfg = Debug|Any CPU
		{C55A78C7-2683-4D1D-B003-419F64BF267A}.Debug|x86.Build.0 = Debug|Any CPU
		{C55A78C7-2683-4D1D-B003-419F64BF267A}.Release|Any CPU.ActiveCfg = Release|Any CPU
		{C55A78C7-2683-4D1D-B003-419F64BF267A}.Release|Any CPU.Build.0 = Release|Any CPU
		{C55A78C7-2683-4D1D-B003-419F64BF267A}.Release|x86.ActiveCfg = Release|Any CPU
		{C55A78C7-2683-4D1D-B003-419F64BF267A}.Release|x86.Build.0 = Release|Any CPU
		{9E926ED3-B896-42C3-8947-1BD50F200F5F}.Debug|Any CPU.ActiveCfg = Debug|Any CPU
		{9E926ED3-B896-42C3-8947-1BD50F200F5F}.Debug|Any CPU.Build.0 = Debug|Any CPU
		{9E926ED3-B896-42C3-8947-1BD50F200F5F}.Debug|x86.ActiveCfg = Debug|Any CPU
		{9E926ED3-B896-42C3-8947-1BD50F200F5F}.Debug|x86.Build.0 = Debug|Any CPU
		{9E926ED3-B896-42C3-8947-1BD50F200F5F}.Release|Any CPU.ActiveCfg = Release|Any CPU
		{9E926ED3-B896-42C3-8947-1BD50F200F5F}.Release|Any CPU.Build.0 = Release|Any CPU
		{9E926ED3-B896-42C3-8947-1BD50F200F5F}.Release|x86.ActiveCfg = Release|Any CPU
		{9E926ED3-B896-42C3-8947-1BD50F200F5F}.Release|x86.Build.0 = Release|Any CPU
		{96BD1952-3FFA-49B3-AB7D-FD7B79382948}.Debug|Any CPU.ActiveCfg = Debug|Any CPU
		{96BD1952-3FFA-49B3-AB7D-FD7B79382948}.Debug|Any CPU.Build.0 = Debug|Any CPU
		{96BD1952-3FFA-49B3-AB7D-FD7B79382948}.Debug|x86.ActiveCfg = Debug|Any CPU
		{96BD1952-3FFA-49B3-AB7D-FD7B79382948}.Debug|x86.Build.0 = Debug|Any CPU
		{96BD1952-3FFA-49B3-AB7D-FD7B79382948}.Release|Any CPU.ActiveCfg = Release|Any CPU
		{96BD1952-3FFA-49B3-AB7D-FD7B79382948}.Release|Any CPU.Build.0 = Release|Any CPU
		{96BD1952-3FFA-49B3-AB7D-FD7B79382948}.Release|x86.ActiveCfg = Release|Any CPU
		{96BD1952-3FFA-49B3-AB7D-FD7B79382948}.Release|x86.Build.0 = Release|Any CPU
		{12AABDA3-C7D3-4BB1-A1F1-609E4A0D244A}.Debug|Any CPU.ActiveCfg = Debug|Any CPU
		{12AABDA3-C7D3-4BB1-A1F1-609E4A0D244A}.Debug|Any CPU.Build.0 = Debug|Any CPU
		{12AABDA3-C7D3-4BB1-A1F1-609E4A0D244A}.Debug|x86.ActiveCfg = Debug|Any CPU
		{12AABDA3-C7D3-4BB1-A1F1-609E4A0D244A}.Debug|x86.Build.0 = Debug|Any CPU
		{12AABDA3-C7D3-4BB1-A1F1-609E4A0D244A}.Release|Any CPU.ActiveCfg = Release|Any CPU
		{12AABDA3-C7D3-4BB1-A1F1-609E4A0D244A}.Release|Any CPU.Build.0 = Release|Any CPU
		{12AABDA3-C7D3-4BB1-A1F1-609E4A0D244A}.Release|x86.ActiveCfg = Release|Any CPU
		{12AABDA3-C7D3-4BB1-A1F1-609E4A0D244A}.Release|x86.Build.0 = Release|Any CPU
		{EA7E8878-C1D5-420B-AA45-C5D460EDCB77}.Debug|Any CPU.ActiveCfg = Debug|Any CPU
		{EA7E8878-C1D5-420B-AA45-C5D460EDCB77}.Debug|Any CPU.Build.0 = Debug|Any CPU
		{EA7E8878-C1D5-420B-AA45-C5D460EDCB77}.Debug|x86.ActiveCfg = Debug|Any CPU
		{EA7E8878-C1D5-420B-AA45-C5D460EDCB77}.Debug|x86.Build.0 = Debug|Any CPU
		{EA7E8878-C1D5-420B-AA45-C5D460EDCB77}.Release|Any CPU.ActiveCfg = Release|Any CPU
		{EA7E8878-C1D5-420B-AA45-C5D460EDCB77}.Release|Any CPU.Build.0 = Release|Any CPU
		{EA7E8878-C1D5-420B-AA45-C5D460EDCB77}.Release|x86.ActiveCfg = Release|Any CPU
		{EA7E8878-C1D5-420B-AA45-C5D460EDCB77}.Release|x86.Build.0 = Release|Any CPU
		{73A21683-8C4C-4019-9FD9-C1C293940ADA}.Debug|Any CPU.ActiveCfg = Debug|Any CPU
		{73A21683-8C4C-4019-9FD9-C1C293940ADA}.Debug|Any CPU.Build.0 = Debug|Any CPU
		{73A21683-8C4C-4019-9FD9-C1C293940ADA}.Debug|x86.ActiveCfg = Debug|Any CPU
		{73A21683-8C4C-4019-9FD9-C1C293940ADA}.Debug|x86.Build.0 = Debug|Any CPU
		{73A21683-8C4C-4019-9FD9-C1C293940ADA}.Release|Any CPU.ActiveCfg = Release|Any CPU
		{73A21683-8C4C-4019-9FD9-C1C293940ADA}.Release|Any CPU.Build.0 = Release|Any CPU
		{73A21683-8C4C-4019-9FD9-C1C293940ADA}.Release|x86.ActiveCfg = Release|Any CPU
		{73A21683-8C4C-4019-9FD9-C1C293940ADA}.Release|x86.Build.0 = Release|Any CPU
		{44E4363A-EE70-4658-8291-EACC16A662C0}.Debug|Any CPU.ActiveCfg = Debug|Any CPU
		{44E4363A-EE70-4658-8291-EACC16A662C0}.Debug|Any CPU.Build.0 = Debug|Any CPU
		{44E4363A-EE70-4658-8291-EACC16A662C0}.Debug|x86.ActiveCfg = Debug|Any CPU
		{44E4363A-EE70-4658-8291-EACC16A662C0}.Debug|x86.Build.0 = Debug|Any CPU
		{44E4363A-EE70-4658-8291-EACC16A662C0}.Release|Any CPU.ActiveCfg = Release|Any CPU
		{44E4363A-EE70-4658-8291-EACC16A662C0}.Release|Any CPU.Build.0 = Release|Any CPU
		{44E4363A-EE70-4658-8291-EACC16A662C0}.Release|x86.ActiveCfg = Release|Any CPU
		{44E4363A-EE70-4658-8291-EACC16A662C0}.Release|x86.Build.0 = Release|Any CPU
		{C70EFFEC-0DF4-415D-AAE7-B064AF30CFB9}.Debug|Any CPU.ActiveCfg = Debug|Any CPU
		{C70EFFEC-0DF4-415D-AAE7-B064AF30CFB9}.Debug|Any CPU.Build.0 = Debug|Any CPU
		{C70EFFEC-0DF4-415D-AAE7-B064AF30CFB9}.Debug|x86.ActiveCfg = Debug|Any CPU
		{C70EFFEC-0DF4-415D-AAE7-B064AF30CFB9}.Debug|x86.Build.0 = Debug|Any CPU
		{C70EFFEC-0DF4-415D-AAE7-B064AF30CFB9}.Release|Any CPU.ActiveCfg = Release|Any CPU
		{C70EFFEC-0DF4-415D-AAE7-B064AF30CFB9}.Release|Any CPU.Build.0 = Release|Any CPU
		{C70EFFEC-0DF4-415D-AAE7-B064AF30CFB9}.Release|x86.ActiveCfg = Release|Any CPU
		{C70EFFEC-0DF4-415D-AAE7-B064AF30CFB9}.Release|x86.Build.0 = Release|Any CPU
		{CF849F60-02BB-4250-B140-66EB79D1EE7D}.Debug|Any CPU.ActiveCfg = Debug|Any CPU
		{CF849F60-02BB-4250-B140-66EB79D1EE7D}.Debug|Any CPU.Build.0 = Debug|Any CPU
		{CF849F60-02BB-4250-B140-66EB79D1EE7D}.Debug|x86.ActiveCfg = Debug|Any CPU
		{CF849F60-02BB-4250-B140-66EB79D1EE7D}.Debug|x86.Build.0 = Debug|Any CPU
		{CF849F60-02BB-4250-B140-66EB79D1EE7D}.Release|Any CPU.ActiveCfg = Release|Any CPU
		{CF849F60-02BB-4250-B140-66EB79D1EE7D}.Release|Any CPU.Build.0 = Release|Any CPU
		{CF849F60-02BB-4250-B140-66EB79D1EE7D}.Release|x86.ActiveCfg = Release|Any CPU
		{CF849F60-02BB-4250-B140-66EB79D1EE7D}.Release|x86.Build.0 = Release|Any CPU
		{BAF0C220-3738-431E-9BC2-FEEE8B01C876}.Debug|Any CPU.ActiveCfg = Debug|Any CPU
		{BAF0C220-3738-431E-9BC2-FEEE8B01C876}.Debug|Any CPU.Build.0 = Debug|Any CPU
		{BAF0C220-3738-431E-9BC2-FEEE8B01C876}.Debug|x86.ActiveCfg = Debug|Any CPU
		{BAF0C220-3738-431E-9BC2-FEEE8B01C876}.Debug|x86.Build.0 = Debug|Any CPU
		{BAF0C220-3738-431E-9BC2-FEEE8B01C876}.Release|Any CPU.ActiveCfg = Release|Any CPU
		{BAF0C220-3738-431E-9BC2-FEEE8B01C876}.Release|Any CPU.Build.0 = Release|Any CPU
		{BAF0C220-3738-431E-9BC2-FEEE8B01C876}.Release|x86.ActiveCfg = Release|Any CPU
		{BAF0C220-3738-431E-9BC2-FEEE8B01C876}.Release|x86.Build.0 = Release|Any CPU
		{C7CEF91D-1D7B-452F-9A54-98D77C4B2359}.Debug|Any CPU.ActiveCfg = Debug|Any CPU
		{C7CEF91D-1D7B-452F-9A54-98D77C4B2359}.Debug|Any CPU.Build.0 = Debug|Any CPU
		{C7CEF91D-1D7B-452F-9A54-98D77C4B2359}.Debug|x86.ActiveCfg = Debug|Any CPU
		{C7CEF91D-1D7B-452F-9A54-98D77C4B2359}.Debug|x86.Build.0 = Debug|Any CPU
		{C7CEF91D-1D7B-452F-9A54-98D77C4B2359}.Release|Any CPU.ActiveCfg = Release|Any CPU
		{C7CEF91D-1D7B-452F-9A54-98D77C4B2359}.Release|Any CPU.Build.0 = Release|Any CPU
		{C7CEF91D-1D7B-452F-9A54-98D77C4B2359}.Release|x86.ActiveCfg = Release|Any CPU
		{C7CEF91D-1D7B-452F-9A54-98D77C4B2359}.Release|x86.Build.0 = Release|Any CPU
		{58EB1812-FB9D-42B9-A658-D5F16C1923D8}.Debug|Any CPU.ActiveCfg = Debug|Any CPU
		{58EB1812-FB9D-42B9-A658-D5F16C1923D8}.Debug|Any CPU.Build.0 = Debug|Any CPU
		{58EB1812-FB9D-42B9-A658-D5F16C1923D8}.Debug|x86.ActiveCfg = Debug|Any CPU
		{58EB1812-FB9D-42B9-A658-D5F16C1923D8}.Debug|x86.Build.0 = Debug|Any CPU
		{58EB1812-FB9D-42B9-A658-D5F16C1923D8}.Release|Any CPU.ActiveCfg = Release|Any CPU
		{58EB1812-FB9D-42B9-A658-D5F16C1923D8}.Release|Any CPU.Build.0 = Release|Any CPU
		{58EB1812-FB9D-42B9-A658-D5F16C1923D8}.Release|x86.ActiveCfg = Release|Any CPU
		{58EB1812-FB9D-42B9-A658-D5F16C1923D8}.Release|x86.Build.0 = Release|Any CPU
		{EE7271B6-8D8C-4BB0-BC86-FAAA305D654F}.Debug|Any CPU.ActiveCfg = Debug|Any CPU
		{EE7271B6-8D8C-4BB0-BC86-FAAA305D654F}.Debug|Any CPU.Build.0 = Debug|Any CPU
		{EE7271B6-8D8C-4BB0-BC86-FAAA305D654F}.Debug|x86.ActiveCfg = Debug|Any CPU
		{EE7271B6-8D8C-4BB0-BC86-FAAA305D654F}.Debug|x86.Build.0 = Debug|Any CPU
		{EE7271B6-8D8C-4BB0-BC86-FAAA305D654F}.Release|Any CPU.ActiveCfg = Release|Any CPU
		{EE7271B6-8D8C-4BB0-BC86-FAAA305D654F}.Release|Any CPU.Build.0 = Release|Any CPU
		{EE7271B6-8D8C-4BB0-BC86-FAAA305D654F}.Release|x86.ActiveCfg = Release|Any CPU
		{EE7271B6-8D8C-4BB0-BC86-FAAA305D654F}.Release|x86.Build.0 = Release|Any CPU
		{42BE7BB4-0198-4A79-BA46-743E0EE76B62}.Debug|Any CPU.ActiveCfg = Debug|Any CPU
		{42BE7BB4-0198-4A79-BA46-743E0EE76B62}.Debug|Any CPU.Build.0 = Debug|Any CPU
		{42BE7BB4-0198-4A79-BA46-743E0EE76B62}.Debug|x86.ActiveCfg = Debug|Any CPU
		{42BE7BB4-0198-4A79-BA46-743E0EE76B62}.Debug|x86.Build.0 = Debug|Any CPU
		{42BE7BB4-0198-4A79-BA46-743E0EE76B62}.Release|Any CPU.ActiveCfg = Release|Any CPU
		{42BE7BB4-0198-4A79-BA46-743E0EE76B62}.Release|Any CPU.Build.0 = Release|Any CPU
		{42BE7BB4-0198-4A79-BA46-743E0EE76B62}.Release|x86.ActiveCfg = Release|Any CPU
		{42BE7BB4-0198-4A79-BA46-743E0EE76B62}.Release|x86.Build.0 = Release|Any CPU
		{D9CD346B-774E-49F0-A8C8-791367A40D83}.Debug|Any CPU.ActiveCfg = Debug|Any CPU
		{D9CD346B-774E-49F0-A8C8-791367A40D83}.Debug|Any CPU.Build.0 = Debug|Any CPU
		{D9CD346B-774E-49F0-A8C8-791367A40D83}.Debug|x86.ActiveCfg = Debug|Any CPU
		{D9CD346B-774E-49F0-A8C8-791367A40D83}.Debug|x86.Build.0 = Debug|Any CPU
		{D9CD346B-774E-49F0-A8C8-791367A40D83}.Release|Any CPU.ActiveCfg = Release|Any CPU
		{D9CD346B-774E-49F0-A8C8-791367A40D83}.Release|Any CPU.Build.0 = Release|Any CPU
		{D9CD346B-774E-49F0-A8C8-791367A40D83}.Release|x86.ActiveCfg = Release|Any CPU
		{D9CD346B-774E-49F0-A8C8-791367A40D83}.Release|x86.Build.0 = Release|Any CPU
		{C5F32276-A864-4DAB-B34F-D965A64DDB3C}.Debug|Any CPU.ActiveCfg = Debug|Any CPU
		{C5F32276-A864-4DAB-B34F-D965A64DDB3C}.Debug|Any CPU.Build.0 = Debug|Any CPU
		{C5F32276-A864-4DAB-B34F-D965A64DDB3C}.Debug|x86.ActiveCfg = Debug|Any CPU
		{C5F32276-A864-4DAB-B34F-D965A64DDB3C}.Debug|x86.Build.0 = Debug|Any CPU
		{C5F32276-A864-4DAB-B34F-D965A64DDB3C}.Release|Any CPU.ActiveCfg = Release|Any CPU
		{C5F32276-A864-4DAB-B34F-D965A64DDB3C}.Release|Any CPU.Build.0 = Release|Any CPU
		{C5F32276-A864-4DAB-B34F-D965A64DDB3C}.Release|x86.ActiveCfg = Release|Any CPU
		{C5F32276-A864-4DAB-B34F-D965A64DDB3C}.Release|x86.Build.0 = Release|Any CPU
		{2ED24445-136B-419B-8E82-83902C2DE653}.Debug|Any CPU.ActiveCfg = Debug|Any CPU
		{2ED24445-136B-419B-8E82-83902C2DE653}.Debug|Any CPU.Build.0 = Debug|Any CPU
		{2ED24445-136B-419B-8E82-83902C2DE653}.Debug|x86.ActiveCfg = Debug|Any CPU
		{2ED24445-136B-419B-8E82-83902C2DE653}.Debug|x86.Build.0 = Debug|Any CPU
		{2ED24445-136B-419B-8E82-83902C2DE653}.Release|Any CPU.ActiveCfg = Release|Any CPU
		{2ED24445-136B-419B-8E82-83902C2DE653}.Release|Any CPU.Build.0 = Release|Any CPU
		{2ED24445-136B-419B-8E82-83902C2DE653}.Release|x86.ActiveCfg = Release|Any CPU
		{2ED24445-136B-419B-8E82-83902C2DE653}.Release|x86.Build.0 = Release|Any CPU
		{811BC31E-B585-4D96-8FBC-F963DF2738ED}.Debug|Any CPU.ActiveCfg = Debug|Any CPU
		{811BC31E-B585-4D96-8FBC-F963DF2738ED}.Debug|Any CPU.Build.0 = Debug|Any CPU
		{811BC31E-B585-4D96-8FBC-F963DF2738ED}.Debug|x86.ActiveCfg = Debug|Any CPU
		{811BC31E-B585-4D96-8FBC-F963DF2738ED}.Debug|x86.Build.0 = Debug|Any CPU
		{811BC31E-B585-4D96-8FBC-F963DF2738ED}.Release|Any CPU.ActiveCfg = Release|Any CPU
		{811BC31E-B585-4D96-8FBC-F963DF2738ED}.Release|Any CPU.Build.0 = Release|Any CPU
		{811BC31E-B585-4D96-8FBC-F963DF2738ED}.Release|x86.ActiveCfg = Release|Any CPU
		{811BC31E-B585-4D96-8FBC-F963DF2738ED}.Release|x86.Build.0 = Release|Any CPU
		{B2815959-E972-46B7-B3D1-DCA00E061CE4}.Debug|Any CPU.ActiveCfg = Debug|Any CPU
		{B2815959-E972-46B7-B3D1-DCA00E061CE4}.Debug|Any CPU.Build.0 = Debug|Any CPU
		{B2815959-E972-46B7-B3D1-DCA00E061CE4}.Debug|x86.ActiveCfg = Debug|Any CPU
		{B2815959-E972-46B7-B3D1-DCA00E061CE4}.Debug|x86.Build.0 = Debug|Any CPU
		{B2815959-E972-46B7-B3D1-DCA00E061CE4}.Release|Any CPU.ActiveCfg = Release|Any CPU
		{B2815959-E972-46B7-B3D1-DCA00E061CE4}.Release|Any CPU.Build.0 = Release|Any CPU
		{B2815959-E972-46B7-B3D1-DCA00E061CE4}.Release|x86.ActiveCfg = Release|Any CPU
		{B2815959-E972-46B7-B3D1-DCA00E061CE4}.Release|x86.Build.0 = Release|Any CPU
		{418064F7-4155-4ED6-BA3A-626AD8285B93}.Debug|Any CPU.ActiveCfg = Debug|Any CPU
		{418064F7-4155-4ED6-BA3A-626AD8285B93}.Debug|Any CPU.Build.0 = Debug|Any CPU
		{418064F7-4155-4ED6-BA3A-626AD8285B93}.Debug|x86.ActiveCfg = Debug|Any CPU
		{418064F7-4155-4ED6-BA3A-626AD8285B93}.Debug|x86.Build.0 = Debug|Any CPU
		{418064F7-4155-4ED6-BA3A-626AD8285B93}.Release|Any CPU.ActiveCfg = Release|Any CPU
		{418064F7-4155-4ED6-BA3A-626AD8285B93}.Release|Any CPU.Build.0 = Release|Any CPU
		{418064F7-4155-4ED6-BA3A-626AD8285B93}.Release|x86.ActiveCfg = Release|Any CPU
		{418064F7-4155-4ED6-BA3A-626AD8285B93}.Release|x86.Build.0 = Release|Any CPU
		{47D497FC-C229-4C35-91E3-15F7344D34CA}.Debug|Any CPU.ActiveCfg = Debug|Any CPU
		{47D497FC-C229-4C35-91E3-15F7344D34CA}.Debug|Any CPU.Build.0 = Debug|Any CPU
		{47D497FC-C229-4C35-91E3-15F7344D34CA}.Debug|x86.ActiveCfg = Debug|Any CPU
		{47D497FC-C229-4C35-91E3-15F7344D34CA}.Debug|x86.Build.0 = Debug|Any CPU
		{47D497FC-C229-4C35-91E3-15F7344D34CA}.Release|Any CPU.ActiveCfg = Release|Any CPU
		{47D497FC-C229-4C35-91E3-15F7344D34CA}.Release|Any CPU.Build.0 = Release|Any CPU
		{47D497FC-C229-4C35-91E3-15F7344D34CA}.Release|x86.ActiveCfg = Release|Any CPU
		{47D497FC-C229-4C35-91E3-15F7344D34CA}.Release|x86.Build.0 = Release|Any CPU
		{0B98CAF1-36E7-47DE-972E-42CF447A6D91}.Debug|Any CPU.ActiveCfg = Debug|Any CPU
		{0B98CAF1-36E7-47DE-972E-42CF447A6D91}.Debug|Any CPU.Build.0 = Debug|Any CPU
		{0B98CAF1-36E7-47DE-972E-42CF447A6D91}.Debug|x86.ActiveCfg = Debug|Any CPU
		{0B98CAF1-36E7-47DE-972E-42CF447A6D91}.Debug|x86.Build.0 = Debug|Any CPU
		{0B98CAF1-36E7-47DE-972E-42CF447A6D91}.Release|Any CPU.ActiveCfg = Release|Any CPU
		{0B98CAF1-36E7-47DE-972E-42CF447A6D91}.Release|Any CPU.Build.0 = Release|Any CPU
		{0B98CAF1-36E7-47DE-972E-42CF447A6D91}.Release|x86.ActiveCfg = Release|Any CPU
		{0B98CAF1-36E7-47DE-972E-42CF447A6D91}.Release|x86.Build.0 = Release|Any CPU
		{43D6387F-660C-47D5-84C2-0BC4494A13D5}.Debug|Any CPU.ActiveCfg = Debug|Any CPU
		{43D6387F-660C-47D5-84C2-0BC4494A13D5}.Debug|Any CPU.Build.0 = Debug|Any CPU
		{43D6387F-660C-47D5-84C2-0BC4494A13D5}.Debug|x86.ActiveCfg = Debug|Any CPU
		{43D6387F-660C-47D5-84C2-0BC4494A13D5}.Debug|x86.Build.0 = Debug|Any CPU
		{43D6387F-660C-47D5-84C2-0BC4494A13D5}.Release|Any CPU.ActiveCfg = Release|Any CPU
		{43D6387F-660C-47D5-84C2-0BC4494A13D5}.Release|Any CPU.Build.0 = Release|Any CPU
		{43D6387F-660C-47D5-84C2-0BC4494A13D5}.Release|x86.ActiveCfg = Release|Any CPU
		{43D6387F-660C-47D5-84C2-0BC4494A13D5}.Release|x86.Build.0 = Release|Any CPU
		{6A60A338-CE3F-4886-A67A-744FFA8115F7}.Debug|Any CPU.ActiveCfg = Debug|Any CPU
		{6A60A338-CE3F-4886-A67A-744FFA8115F7}.Debug|Any CPU.Build.0 = Debug|Any CPU
		{6A60A338-CE3F-4886-A67A-744FFA8115F7}.Debug|x86.ActiveCfg = Debug|Any CPU
		{6A60A338-CE3F-4886-A67A-744FFA8115F7}.Debug|x86.Build.0 = Debug|Any CPU
		{6A60A338-CE3F-4886-A67A-744FFA8115F7}.Release|Any CPU.ActiveCfg = Release|Any CPU
		{6A60A338-CE3F-4886-A67A-744FFA8115F7}.Release|Any CPU.Build.0 = Release|Any CPU
		{6A60A338-CE3F-4886-A67A-744FFA8115F7}.Release|x86.ActiveCfg = Release|Any CPU
		{6A60A338-CE3F-4886-A67A-744FFA8115F7}.Release|x86.Build.0 = Release|Any CPU
		{1F377D3C-0DA4-4818-B126-9EE612C7388C}.Debug|Any CPU.ActiveCfg = Debug|Any CPU
		{1F377D3C-0DA4-4818-B126-9EE612C7388C}.Debug|Any CPU.Build.0 = Debug|Any CPU
		{1F377D3C-0DA4-4818-B126-9EE612C7388C}.Debug|x86.ActiveCfg = Debug|Any CPU
		{1F377D3C-0DA4-4818-B126-9EE612C7388C}.Debug|x86.Build.0 = Debug|Any CPU
		{1F377D3C-0DA4-4818-B126-9EE612C7388C}.Release|Any CPU.ActiveCfg = Release|Any CPU
		{1F377D3C-0DA4-4818-B126-9EE612C7388C}.Release|Any CPU.Build.0 = Release|Any CPU
		{1F377D3C-0DA4-4818-B126-9EE612C7388C}.Release|x86.ActiveCfg = Release|Any CPU
		{1F377D3C-0DA4-4818-B126-9EE612C7388C}.Release|x86.Build.0 = Release|Any CPU
		{0CC37289-F7D6-4998-A719-C7BAFB7035C8}.Debug|Any CPU.ActiveCfg = Debug|Any CPU
		{0CC37289-F7D6-4998-A719-C7BAFB7035C8}.Debug|Any CPU.Build.0 = Debug|Any CPU
		{0CC37289-F7D6-4998-A719-C7BAFB7035C8}.Debug|x86.ActiveCfg = Debug|Any CPU
		{0CC37289-F7D6-4998-A719-C7BAFB7035C8}.Debug|x86.Build.0 = Debug|Any CPU
		{0CC37289-F7D6-4998-A719-C7BAFB7035C8}.Release|Any CPU.ActiveCfg = Release|Any CPU
		{0CC37289-F7D6-4998-A719-C7BAFB7035C8}.Release|Any CPU.Build.0 = Release|Any CPU
		{0CC37289-F7D6-4998-A719-C7BAFB7035C8}.Release|x86.ActiveCfg = Release|Any CPU
		{0CC37289-F7D6-4998-A719-C7BAFB7035C8}.Release|x86.Build.0 = Release|Any CPU
		{2BA73317-D120-4927-80AE-72BFE998823D}.Debug|Any CPU.ActiveCfg = Debug|Any CPU
		{2BA73317-D120-4927-80AE-72BFE998823D}.Debug|Any CPU.Build.0 = Debug|Any CPU
		{2BA73317-D120-4927-80AE-72BFE998823D}.Debug|x86.ActiveCfg = Debug|Any CPU
		{2BA73317-D120-4927-80AE-72BFE998823D}.Debug|x86.Build.0 = Debug|Any CPU
		{2BA73317-D120-4927-80AE-72BFE998823D}.Release|Any CPU.ActiveCfg = Release|Any CPU
		{2BA73317-D120-4927-80AE-72BFE998823D}.Release|Any CPU.Build.0 = Release|Any CPU
		{2BA73317-D120-4927-80AE-72BFE998823D}.Release|x86.ActiveCfg = Release|Any CPU
		{2BA73317-D120-4927-80AE-72BFE998823D}.Release|x86.Build.0 = Release|Any CPU
		{F504F937-A087-4505-9456-C3A1633866C5}.Debug|Any CPU.ActiveCfg = Debug|Any CPU
		{F504F937-A087-4505-9456-C3A1633866C5}.Debug|Any CPU.Build.0 = Debug|Any CPU
		{F504F937-A087-4505-9456-C3A1633866C5}.Debug|x86.ActiveCfg = Debug|Any CPU
		{F504F937-A087-4505-9456-C3A1633866C5}.Debug|x86.Build.0 = Debug|Any CPU
		{F504F937-A087-4505-9456-C3A1633866C5}.Release|Any CPU.ActiveCfg = Release|Any CPU
		{F504F937-A087-4505-9456-C3A1633866C5}.Release|Any CPU.Build.0 = Release|Any CPU
		{F504F937-A087-4505-9456-C3A1633866C5}.Release|x86.ActiveCfg = Release|Any CPU
		{F504F937-A087-4505-9456-C3A1633866C5}.Release|x86.Build.0 = Release|Any CPU
		{EBF46DAD-26DD-44D0-ADD8-BCDD2FB78237}.Debug|Any CPU.ActiveCfg = Debug|Any CPU
		{EBF46DAD-26DD-44D0-ADD8-BCDD2FB78237}.Debug|Any CPU.Build.0 = Debug|Any CPU
		{EBF46DAD-26DD-44D0-ADD8-BCDD2FB78237}.Debug|x86.ActiveCfg = Debug|Any CPU
		{EBF46DAD-26DD-44D0-ADD8-BCDD2FB78237}.Debug|x86.Build.0 = Debug|Any CPU
		{EBF46DAD-26DD-44D0-ADD8-BCDD2FB78237}.Release|Any CPU.ActiveCfg = Release|Any CPU
		{EBF46DAD-26DD-44D0-ADD8-BCDD2FB78237}.Release|Any CPU.Build.0 = Release|Any CPU
		{EBF46DAD-26DD-44D0-ADD8-BCDD2FB78237}.Release|x86.ActiveCfg = Release|Any CPU
		{EBF46DAD-26DD-44D0-ADD8-BCDD2FB78237}.Release|x86.Build.0 = Release|Any CPU
		{1869519B-5816-42DD-BBFD-D126E2097749}.Debug|Any CPU.ActiveCfg = Debug|Any CPU
		{1869519B-5816-42DD-BBFD-D126E2097749}.Debug|Any CPU.Build.0 = Debug|Any CPU
		{1869519B-5816-42DD-BBFD-D126E2097749}.Debug|x86.ActiveCfg = Debug|Any CPU
		{1869519B-5816-42DD-BBFD-D126E2097749}.Debug|x86.Build.0 = Debug|Any CPU
		{1869519B-5816-42DD-BBFD-D126E2097749}.Release|Any CPU.ActiveCfg = Release|Any CPU
		{1869519B-5816-42DD-BBFD-D126E2097749}.Release|Any CPU.Build.0 = Release|Any CPU
		{1869519B-5816-42DD-BBFD-D126E2097749}.Release|x86.ActiveCfg = Release|Any CPU
		{1869519B-5816-42DD-BBFD-D126E2097749}.Release|x86.Build.0 = Release|Any CPU
		{0787FEED-7A3F-4300-AF71-ACE58AC77B7D}.Debug|Any CPU.ActiveCfg = Debug|Any CPU
		{0787FEED-7A3F-4300-AF71-ACE58AC77B7D}.Debug|Any CPU.Build.0 = Debug|Any CPU
		{0787FEED-7A3F-4300-AF71-ACE58AC77B7D}.Debug|x86.ActiveCfg = Debug|Any CPU
		{0787FEED-7A3F-4300-AF71-ACE58AC77B7D}.Debug|x86.Build.0 = Debug|Any CPU
		{0787FEED-7A3F-4300-AF71-ACE58AC77B7D}.Release|Any CPU.ActiveCfg = Release|Any CPU
		{0787FEED-7A3F-4300-AF71-ACE58AC77B7D}.Release|Any CPU.Build.0 = Release|Any CPU
		{0787FEED-7A3F-4300-AF71-ACE58AC77B7D}.Release|x86.ActiveCfg = Release|Any CPU
		{0787FEED-7A3F-4300-AF71-ACE58AC77B7D}.Release|x86.Build.0 = Release|Any CPU
		{39900BFA-4487-4BD2-A721-6D356DC0BA71}.Debug|Any CPU.ActiveCfg = Debug|Any CPU
		{39900BFA-4487-4BD2-A721-6D356DC0BA71}.Debug|Any CPU.Build.0 = Debug|Any CPU
		{39900BFA-4487-4BD2-A721-6D356DC0BA71}.Debug|x86.ActiveCfg = Debug|Any CPU
		{39900BFA-4487-4BD2-A721-6D356DC0BA71}.Debug|x86.Build.0 = Debug|Any CPU
		{39900BFA-4487-4BD2-A721-6D356DC0BA71}.Release|Any CPU.ActiveCfg = Release|Any CPU
		{39900BFA-4487-4BD2-A721-6D356DC0BA71}.Release|Any CPU.Build.0 = Release|Any CPU
		{39900BFA-4487-4BD2-A721-6D356DC0BA71}.Release|x86.ActiveCfg = Release|Any CPU
		{39900BFA-4487-4BD2-A721-6D356DC0BA71}.Release|x86.Build.0 = Release|Any CPU
		{B7D082E5-2AC0-4A42-9B2F-E0768B6F486A}.Debug|Any CPU.ActiveCfg = Debug|Any CPU
		{B7D082E5-2AC0-4A42-9B2F-E0768B6F486A}.Debug|Any CPU.Build.0 = Debug|Any CPU
		{B7D082E5-2AC0-4A42-9B2F-E0768B6F486A}.Debug|x86.ActiveCfg = Debug|Any CPU
		{B7D082E5-2AC0-4A42-9B2F-E0768B6F486A}.Debug|x86.Build.0 = Debug|Any CPU
		{B7D082E5-2AC0-4A42-9B2F-E0768B6F486A}.Release|Any CPU.ActiveCfg = Release|Any CPU
		{B7D082E5-2AC0-4A42-9B2F-E0768B6F486A}.Release|Any CPU.Build.0 = Release|Any CPU
		{B7D082E5-2AC0-4A42-9B2F-E0768B6F486A}.Release|x86.ActiveCfg = Release|Any CPU
		{B7D082E5-2AC0-4A42-9B2F-E0768B6F486A}.Release|x86.Build.0 = Release|Any CPU
		{4D6380C1-3FE4-47E2-B186-0F05DA4EB768}.Debug|Any CPU.ActiveCfg = Debug|Any CPU
		{4D6380C1-3FE4-47E2-B186-0F05DA4EB768}.Debug|Any CPU.Build.0 = Debug|Any CPU
		{4D6380C1-3FE4-47E2-B186-0F05DA4EB768}.Debug|x86.ActiveCfg = Debug|Any CPU
		{4D6380C1-3FE4-47E2-B186-0F05DA4EB768}.Debug|x86.Build.0 = Debug|Any CPU
		{4D6380C1-3FE4-47E2-B186-0F05DA4EB768}.Release|Any CPU.ActiveCfg = Release|Any CPU
		{4D6380C1-3FE4-47E2-B186-0F05DA4EB768}.Release|Any CPU.Build.0 = Release|Any CPU
		{4D6380C1-3FE4-47E2-B186-0F05DA4EB768}.Release|x86.ActiveCfg = Release|Any CPU
		{4D6380C1-3FE4-47E2-B186-0F05DA4EB768}.Release|x86.Build.0 = Release|Any CPU
		{F2FD6F6B-C984-4FCD-9E23-87790A52C657}.Debug|Any CPU.ActiveCfg = Debug|Any CPU
		{F2FD6F6B-C984-4FCD-9E23-87790A52C657}.Debug|Any CPU.Build.0 = Debug|Any CPU
		{F2FD6F6B-C984-4FCD-9E23-87790A52C657}.Debug|x86.ActiveCfg = Debug|Any CPU
		{F2FD6F6B-C984-4FCD-9E23-87790A52C657}.Debug|x86.Build.0 = Debug|Any CPU
		{F2FD6F6B-C984-4FCD-9E23-87790A52C657}.Release|Any CPU.ActiveCfg = Release|Any CPU
		{F2FD6F6B-C984-4FCD-9E23-87790A52C657}.Release|Any CPU.Build.0 = Release|Any CPU
		{F2FD6F6B-C984-4FCD-9E23-87790A52C657}.Release|x86.ActiveCfg = Release|Any CPU
		{F2FD6F6B-C984-4FCD-9E23-87790A52C657}.Release|x86.Build.0 = Release|Any CPU
		{924DD5BD-AC7C-40B5-A64B-FFB3AA5DD292}.Debug|Any CPU.ActiveCfg = Debug|Any CPU
		{924DD5BD-AC7C-40B5-A64B-FFB3AA5DD292}.Debug|Any CPU.Build.0 = Debug|Any CPU
		{924DD5BD-AC7C-40B5-A64B-FFB3AA5DD292}.Debug|x86.ActiveCfg = Debug|Any CPU
		{924DD5BD-AC7C-40B5-A64B-FFB3AA5DD292}.Debug|x86.Build.0 = Debug|Any CPU
		{924DD5BD-AC7C-40B5-A64B-FFB3AA5DD292}.Release|Any CPU.ActiveCfg = Release|Any CPU
		{924DD5BD-AC7C-40B5-A64B-FFB3AA5DD292}.Release|Any CPU.Build.0 = Release|Any CPU
		{924DD5BD-AC7C-40B5-A64B-FFB3AA5DD292}.Release|x86.ActiveCfg = Release|Any CPU
		{924DD5BD-AC7C-40B5-A64B-FFB3AA5DD292}.Release|x86.Build.0 = Release|Any CPU
		{E0823581-22BD-4214-817F-6DC177D19871}.Debug|Any CPU.ActiveCfg = Debug|Any CPU
		{E0823581-22BD-4214-817F-6DC177D19871}.Debug|Any CPU.Build.0 = Debug|Any CPU
		{E0823581-22BD-4214-817F-6DC177D19871}.Debug|x86.ActiveCfg = Debug|Any CPU
		{E0823581-22BD-4214-817F-6DC177D19871}.Debug|x86.Build.0 = Debug|Any CPU
		{E0823581-22BD-4214-817F-6DC177D19871}.Release|Any CPU.ActiveCfg = Release|Any CPU
		{E0823581-22BD-4214-817F-6DC177D19871}.Release|Any CPU.Build.0 = Release|Any CPU
		{E0823581-22BD-4214-817F-6DC177D19871}.Release|x86.ActiveCfg = Release|Any CPU
		{E0823581-22BD-4214-817F-6DC177D19871}.Release|x86.Build.0 = Release|Any CPU
		{9C527E3B-14B7-4F9B-B8E3-1CAEDD2835A1}.Debug|Any CPU.ActiveCfg = Debug|Any CPU
		{9C527E3B-14B7-4F9B-B8E3-1CAEDD2835A1}.Debug|Any CPU.Build.0 = Debug|Any CPU
		{9C527E3B-14B7-4F9B-B8E3-1CAEDD2835A1}.Debug|x86.ActiveCfg = Debug|Any CPU
		{9C527E3B-14B7-4F9B-B8E3-1CAEDD2835A1}.Debug|x86.Build.0 = Debug|Any CPU
		{9C527E3B-14B7-4F9B-B8E3-1CAEDD2835A1}.Release|Any CPU.ActiveCfg = Release|Any CPU
		{9C527E3B-14B7-4F9B-B8E3-1CAEDD2835A1}.Release|Any CPU.Build.0 = Release|Any CPU
		{9C527E3B-14B7-4F9B-B8E3-1CAEDD2835A1}.Release|x86.ActiveCfg = Release|Any CPU
		{9C527E3B-14B7-4F9B-B8E3-1CAEDD2835A1}.Release|x86.Build.0 = Release|Any CPU
	EndGlobalSection
	GlobalSection(SolutionProperties) = preSolution
		HideSolutionNode = FALSE
	EndGlobalSection
	GlobalSection(ExtensibilityGlobals) = postSolution
		SolutionGuid = {C945EBB5-9431-4B86-831C-3446D0955C8F}
	EndGlobalSection
EndGlobal
