
Microsoft Visual Studio Solution File, Format Version 12.00
# Visual Studio Version 16
VisualStudioVersion = 16.0.31729.503
MinimumVisualStudioVersion = 10.0.40219.1
Project("{FAE04EC0-301F-11D3-BF4B-00C04F79EFBC}") = "ICRE001.api", "ICRE001.api\ICRE001.api.csproj", "{FAEEFB37-6D4F-4A70-BEE8-64B82879A9D1}"
EndProject
Global
	GlobalSection(SolutionConfigurationPlatforms) = preSolution
		Debug|Any CPU = Debug|Any CPU
		Release|Any CPU = Release|Any CPU
	EndGlobalSection
	GlobalSection(ProjectConfigurationPlatforms) = postSolution
		{FAEEFB37-6D4F-4A70-BEE8-64B82879A9D1}.Debug|Any CPU.ActiveCfg = Debug|Any CPU
		{FAEEFB37-6D4F-4A70-BEE8-64B82879A9D1}.Debug|Any CPU.Build.0 = Debug|Any CPU
		{FAEEFB37-6D4F-4A70-BEE8-64B82879A9D1}.Release|Any CPU.ActiveCfg = Release|Any CPU
		{FAEEFB37-6D4F-4A70-BEE8-64B82879A9D1}.Release|Any CPU.Build.0 = Release|Any CPU
	EndGlobalSection
	GlobalSection(SolutionProperties) = preSolution
		HideSolutionNode = FALSE
	EndGlobalSection
	GlobalSection(ExtensibilityGlobals) = postSolution
		SolutionGuid = {DBB1905A-A3E6-47A8-BB8D-E1AF54725E4A}
	EndGlobalSection
EndGlobal
