
Microsoft Visual Studio Solution File, Format Version 12.00
# Visual Studio Version 16
VisualStudioVersion = 16.0.31105.61
MinimumVisualStudioVersion = 10.0.40219.1
Project("{9A19103F-16F7-4668-BE54-9A1E7A4F7556}") = "IVTA018.api", "IVTA018.api\IVTA018.api.csproj", "{DE70DBF8-D9FF-4B92-AD9B-D2EBCE26910D}"
EndProject
Project("{9A19103F-16F7-4668-BE54-9A1E7A4F7556}") = "IVTA018_02", "IVTA018_02\IVTA018_02.csproj", "{29D63913-33EF-4A06-AE04-AFD7B02BB2A5}"
EndProject
Project("{FAE04EC0-301F-11D3-BF4B-00C04F79EFBC}") = "IVTA018WS", "IVTA018WS\IVTA018WS.csproj", "{924DD5BD-AC7C-40B5-A64B-FFB3AA5DD292}"
EndProject
Global
	GlobalSection(SolutionConfigurationPlatforms) = preSolution
		Debug|Any CPU = Debug|Any CPU
		Release|Any CPU = Release|Any CPU
	EndGlobalSection
	GlobalSection(ProjectConfigurationPlatforms) = postSolution
		{DE70DBF8-D9FF-4B92-AD9B-D2EBCE26910D}.Debug|Any CPU.ActiveCfg = Debug|Any CPU
		{DE70DBF8-D9FF-4B92-AD9B-D2EBCE26910D}.Debug|Any CPU.Build.0 = Debug|Any CPU
		{DE70DBF8-D9FF-4B92-AD9B-D2EBCE26910D}.Release|Any CPU.ActiveCfg = Release|Any CPU
		{DE70DBF8-D9FF-4B92-AD9B-D2EBCE26910D}.Release|Any CPU.Build.0 = Release|Any CPU
		{29D63913-33EF-4A06-AE04-AFD7B02BB2A5}.Debug|Any CPU.ActiveCfg = Debug|Any CPU
		{29D63913-33EF-4A06-AE04-AFD7B02BB2A5}.Debug|Any CPU.Build.0 = Debug|Any CPU
		{29D63913-33EF-4A06-AE04-AFD7B02BB2A5}.Release|Any CPU.ActiveCfg = Release|Any CPU
		{29D63913-33EF-4A06-AE04-AFD7B02BB2A5}.Release|Any CPU.Build.0 = Release|Any CPU
		{924DD5BD-AC7C-40B5-A64B-FFB3AA5DD292}.Debug|Any CPU.ActiveCfg = Debug|Any CPU
		{924DD5BD-AC7C-40B5-A64B-FFB3AA5DD292}.Debug|Any CPU.Build.0 = Debug|Any CPU
		{924DD5BD-AC7C-40B5-A64B-FFB3AA5DD292}.Release|Any CPU.ActiveCfg = Release|Any CPU
		{924DD5BD-AC7C-40B5-A64B-FFB3AA5DD292}.Release|Any CPU.Build.0 = Release|Any CPU
	EndGlobalSection
	GlobalSection(SolutionProperties) = preSolution
		HideSolutionNode = FALSE
	EndGlobalSection
	GlobalSection(ExtensibilityGlobals) = postSolution
		SolutionGuid = {4202F3CB-2C6B-40FB-830D-873AC606AAAE}
	EndGlobalSection
EndGlobal
