
Microsoft Visual Studio Solution File, Format Version 12.00
# Visual Studio Version 16
VisualStudioVersion = 16.0.31105.61
MinimumVisualStudioVersion = 10.0.40219.1
Project("{9A19103F-16F7-4668-BE54-9A1E7A4F7556}") = "ICXP003.api", "ICXP003.api\ICXP003.api.csproj", "{7A2A22E6-3083-4F0D-B4B0-4C2EC65AE3E2}"
EndProject
Project("{9A19103F-16F7-4668-BE54-9A1E7A4F7556}") = "ICXP003", "ICXP003\ICXP003.csproj", "{F3D35D8F-5230-4CB8-B57D-9FE567EF8AED}"
EndProject
Project("{9A19103F-16F7-4668-BE54-9A1E7A4F7556}") = "ICXP003_004", "ICXP003_004\ICXP003_004.csproj", "{F866EFDA-5F27-484E-BEA5-DDEC379ADCFB}"
EndProject
Global
	GlobalSection(SolutionConfigurationPlatforms) = preSolution
		Debug|Any CPU = Debug|Any CPU
		Release|Any CPU = Release|Any CPU
	EndGlobalSection
	GlobalSection(ProjectConfigurationPlatforms) = postSolution
		{7A2A22E6-3083-4F0D-B4B0-4C2EC65AE3E2}.Debug|Any CPU.ActiveCfg = Debug|Any CPU
		{7A2A22E6-3083-4F0D-B4B0-4C2EC65AE3E2}.Debug|Any CPU.Build.0 = Debug|Any CPU
		{7A2A22E6-3083-4F0D-B4B0-4C2EC65AE3E2}.Release|Any CPU.ActiveCfg = Release|Any CPU
		{7A2A22E6-3083-4F0D-B4B0-4C2EC65AE3E2}.Release|Any CPU.Build.0 = Release|Any CPU
		{F3D35D8F-5230-4CB8-B57D-9FE567EF8AED}.Debug|Any CPU.ActiveCfg = Debug|Any CPU
		{F3D35D8F-5230-4CB8-B57D-9FE567EF8AED}.Debug|Any CPU.Build.0 = Debug|Any CPU
		{F3D35D8F-5230-4CB8-B57D-9FE567EF8AED}.Release|Any CPU.ActiveCfg = Release|Any CPU
		{F3D35D8F-5230-4CB8-B57D-9FE567EF8AED}.Release|Any CPU.Build.0 = Release|Any CPU
		{F866EFDA-5F27-484E-BEA5-DDEC379ADCFB}.Debug|Any CPU.ActiveCfg = Debug|Any CPU
		{F866EFDA-5F27-484E-BEA5-DDEC379ADCFB}.Debug|Any CPU.Build.0 = Debug|Any CPU
		{F866EFDA-5F27-484E-BEA5-DDEC379ADCFB}.Release|Any CPU.ActiveCfg = Release|Any CPU
		{F866EFDA-5F27-484E-BEA5-DDEC379ADCFB}.Release|Any CPU.Build.0 = Release|Any CPU
	EndGlobalSection
	GlobalSection(SolutionProperties) = preSolution
		HideSolutionNode = FALSE
	EndGlobalSection
	GlobalSection(ExtensibilityGlobals) = postSolution
		SolutionGuid = {1DEB7B52-C292-424E-A758-762E5F121259}
	EndGlobalSection
EndGlobal
